// !$*UTF8*$!
{
	archiveVersion = 1;
	classes = {
	};
	objectVersion = 48;
	objects = {

/* Begin PBXBuildFile section */
		D351FBFA206B1D1400801CA4 /* 月半小夜曲.lrc in Resources */ = {isa = PBXBuildFile; fileRef = D351FBCF206B1D1400801CA4 /* 月半小夜曲.lrc */; };
		D351FBFB206B1D1400801CA4 /* 255319.lrc in Resources */ = {isa = PBXBuildFile; fileRef = D351FBD0206B1D1400801CA4 /* 255319.lrc */; };
		D351FBFC206B1D1400801CA4 /* 14945107.lrc in Resources */ = {isa = PBXBuildFile; fileRef = D351FBD1206B1D1400801CA4 /* 14945107.lrc */; };
		D351FBFD206B1D1400801CA4 /* 10736444.lrc in Resources */ = {isa = PBXBuildFile; fileRef = D351FBD2206B1D1400801CA4 /* 10736444.lrc */; };
		D351FBFE206B1D1400801CA4 /* 309769.lrc in Resources */ = {isa = PBXBuildFile; fileRef = D351FBD3206B1D1400801CA4 /* 309769.lrc */; };
		D351FBFF206B1D1400801CA4 /* 235319.lrc in Resources */ = {isa = PBXBuildFile; fileRef = D351FBD4206B1D1400801CA4 /* 235319.lrc */; };
		D351FC00206B1D1400801CA4 /* 12309111.lrc in Resources */ = {isa = PBXBuildFile; fileRef = D351FBD5206B1D1400801CA4 /* 12309111.lrc */; };
		D351FC01206B1D1400801CA4 /* 339744.lrc in Resources */ = {isa = PBXBuildFile; fileRef = D351FBD6206B1D1400801CA4 /* 339744.lrc */; };
		D351FC02206B1D1400801CA4 /* 10405520.lrc in Resources */ = {isa = PBXBuildFile; fileRef = D351FBD7206B1D1400801CA4 /* 10405520.lrc */; };
		D351FC03206B1D1400801CA4 /* 120125029.lrc in Resources */ = {isa = PBXBuildFile; fileRef = D351FBD8206B1D1400801CA4 /* 120125029.lrc */; };
		D351FC04206B1D1400801CA4 /* wf@2x.jpg in Resources */ = {isa = PBXBuildFile; fileRef = D351FBDA206B1D1400801CA4 /* wf@2x.jpg */; };
		D351FC05206B1D1400801CA4 /* jay@2x.jpg in Resources */ = {isa = PBXBuildFile; fileRef = D351FBDB206B1D1400801CA4 /* jay@2x.jpg */; };
		D351FC06206B1D1400801CA4 /* lkq_icon@2x.jpg in Resources */ = {isa = PBXBuildFile; fileRef = D351FBDC206B1D1400801CA4 /* lkq_icon@2x.jpg */; };
		D351FC07206B1D1400801CA4 /* jay_icon@2x.png in Resources */ = {isa = PBXBuildFile; fileRef = D351FBDD206B1D1400801CA4 /* jay_icon@2x.png */; };
		D351FC08206B1D1400801CA4 /* dzq_icon@2x.jpg in Resources */ = {isa = PBXBuildFile; fileRef = D351FBDE206B1D1400801CA4 /* dzq_icon@2x.jpg */; };
		D351FC09206B1D1400801CA4 /* zxy@2x.jpg in Resources */ = {isa = PBXBuildFile; fileRef = D351FBDF206B1D1400801CA4 /* zxy@2x.jpg */; };
		D351FC0A206B1D1400801CA4 /* kzxd_icon@2x.jpg in Resources */ = {isa = PBXBuildFile; fileRef = D351FBE0206B1D1400801CA4 /* kzxd_icon@2x.jpg */; };
		D351FC0B206B1D1400801CA4 /* dzq@2x.jpg in Resources */ = {isa = PBXBuildFile; fileRef = D351FBE1206B1D1400801CA4 /* dzq@2x.jpg */; };
		D351FC0C206B1D1400801CA4 /* jj@2x.jpg in Resources */ = {isa = PBXBuildFile; fileRef = D351FBE2206B1D1400801CA4 /* jj@2x.jpg */; };
		D351FC0D206B1D1400801CA4 /* lkq@2x.jpg in Resources */ = {isa = PBXBuildFile; fileRef = D351FBE3206B1D1400801CA4 /* lkq@2x.jpg */; };
		D351FC0E206B1D1400801CA4 /* wf_icon@2x.jpg in Resources */ = {isa = PBXBuildFile; fileRef = D351FBE4206B1D1400801CA4 /* wf_icon@2x.jpg */; };
		D351FC0F206B1D1400801CA4 /* eason_icon@2x.jpg in Resources */ = {isa = PBXBuildFile; fileRef = D351FBE5206B1D1400801CA4 /* eason_icon@2x.jpg */; };
		D351FC10206B1D1400801CA4 /* kzxd@2x.jpg in Resources */ = {isa = PBXBuildFile; fileRef = D351FBE6206B1D1400801CA4 /* kzxd@2x.jpg */; };
		D351FC11206B1D1400801CA4 /* bb@2x.jpg in Resources */ = {isa = PBXBuildFile; fileRef = D351FBE7206B1D1400801CA4 /* bb@2x.jpg */; };
		D351FC12206B1D1400801CA4 /* eason@2x.jpg in Resources */ = {isa = PBXBuildFile; fileRef = D351FBE8206B1D1400801CA4 /* eason@2x.jpg */; };
		D351FC13206B1D1400801CA4 /* jj_icon@2x.png in Resources */ = {isa = PBXBuildFile; fileRef = D351FBE9206B1D1400801CA4 /* jj_icon@2x.png */; };
		D351FC14206B1D1400801CA4 /* nanquan@2x.jpg in Resources */ = {isa = PBXBuildFile; fileRef = D351FBEA206B1D1400801CA4 /* nanquan@2x.jpg */; };
		D351FC15206B1D1400801CA4 /* bb_icon@2x.jpg in Resources */ = {isa = PBXBuildFile; fileRef = D351FBEB206B1D1400801CA4 /* bb_icon@2x.jpg */; };
		D351FC16206B1D1400801CA4 /* zxy_icon@2x.jpg in Resources */ = {isa = PBXBuildFile; fileRef = D351FBEC206B1D1400801CA4 /* zxy_icon@2x.jpg */; };
		D351FC17206B1D1400801CA4 /* nanquan_icon@2x.jpg in Resources */ = {isa = PBXBuildFile; fileRef = D351FBED206B1D1400801CA4 /* nanquan_icon@2x.jpg */; };
		D351FC18206B1D1400801CA4 /* 14945107.mp3 in Resources */ = {isa = PBXBuildFile; fileRef = D351FBEF206B1D1400801CA4 /* 14945107.mp3 */; };
		D351FC19206B1D1400801CA4 /* 255319.mp3 in Resources */ = {isa = PBXBuildFile; fileRef = D351FBF0206B1D1400801CA4 /* 255319.mp3 */; };
		D351FC1A206B1D1400801CA4 /* 235319.mp3 in Resources */ = {isa = PBXBuildFile; fileRef = D351FBF1206B1D1400801CA4 /* 235319.mp3 */; };
		D351FC1B206B1D1400801CA4 /* 309769.mp3 in Resources */ = {isa = PBXBuildFile; fileRef = D351FBF2206B1D1400801CA4 /* 309769.mp3 */; };
		D351FC1C206B1D1400801CA4 /* 10736444.mp3 in Resources */ = {isa = PBXBuildFile; fileRef = D351FBF3206B1D1400801CA4 /* 10736444.mp3 */; };
		D351FC1D206B1D1400801CA4 /* 1201111234.mp3 in Resources */ = {isa = PBXBuildFile; fileRef = D351FBF4206B1D1400801CA4 /* 1201111234.mp3 */; };
		D351FC1E206B1D1400801CA4 /* 10405520.mp3 in Resources */ = {isa = PBXBuildFile; fileRef = D351FBF5206B1D1400801CA4 /* 10405520.mp3 */; };
		D351FC1F206B1D1400801CA4 /* 120125029.mp3 in Resources */ = {isa = PBXBuildFile; fileRef = D351FBF6206B1D1400801CA4 /* 120125029.mp3 */; };
		D351FC20206B1D1400801CA4 /* 12309111.mp3 in Resources */ = {isa = PBXBuildFile; fileRef = D351FBF7206B1D1400801CA4 /* 12309111.mp3 */; };
		D351FC21206B1D1400801CA4 /* 339744.mp3 in Resources */ = {isa = PBXBuildFile; fileRef = D351FBF8206B1D1400801CA4 /* 339744.mp3 */; };
		D351FC22206B1D1400801CA4 /* Musics.plist in Resources */ = {isa = PBXBuildFile; fileRef = D351FBF9206B1D1400801CA4 /* Musics.plist */; };
		D352F796206D105500975EC5 /* QQDetailVM.swift in Sources */ = {isa = PBXBuildFile; fileRef = D352F795206D105500975EC5 /* QQDetailVM.swift */; };
		D36FAE98206CFC9F00906273 /* PlayingViewController.swift in Sources */ = {isa = PBXBuildFile; fileRef = D36FAE94206CFC9F00906273 /* PlayingViewController.swift */; };
		D36FAE99206CFC9F00906273 /* MusicModel.swift in Sources */ = {isa = PBXBuildFile; fileRef = D36FAE96206CFC9F00906273 /* MusicModel.swift */; };
		D36FAE9F206CFCAC00906273 /* CALayer-Extension.swift in Sources */ = {isa = PBXBuildFile; fileRef = D36FAE9C206CFCAC00906273 /* CALayer-Extension.swift */; };
		D36FAEA0206CFCAC00906273 /* SFMusicTool.swift in Sources */ = {isa = PBXBuildFile; fileRef = D36FAE9E206CFCAC00906273 /* SFMusicTool.swift */; };
		D36FAEA5206CFD3B00906273 /* QQListTableViewController.swift in Sources */ = {isa = PBXBuildFile; fileRef = D36FAEA4206CFD3B00906273 /* QQListTableViewController.swift */; };
		D36FAEA8206D023E00906273 /* QQListCell.swift in Sources */ = {isa = PBXBuildFile; fileRef = D36FAEA6206D023E00906273 /* QQListCell.swift */; };
		D36FAEA9206D023E00906273 /* QQListCell.xib in Resources */ = {isa = PBXBuildFile; fileRef = D36FAEA7206D023E00906273 /* QQListCell.xib */; };
		D3B4FE5B206B10EB0076D341 /* AppDelegate.swift in Sources */ = {isa = PBXBuildFile; fileRef = D3B4FE5A206B10EB0076D341 /* AppDelegate.swift */; };
		D3B4FE60206B10EB0076D341 /* Main.storyboard in Resources */ = {isa = PBXBuildFile; fileRef = D3B4FE5E206B10EB0076D341 /* Main.storyboard */; };
		D3B4FE62206B10EB0076D341 /* Assets.xcassets in Resources */ = {isa = PBXBuildFile; fileRef = D3B4FE61206B10EB0076D341 /* Assets.xcassets */; };
		D3B4FE65206B10EB0076D341 /* LaunchScreen.storyboard in Resources */ = {isa = PBXBuildFile; fileRef = D3B4FE63206B10EB0076D341 /* LaunchScreen.storyboard */; };
/* End PBXBuildFile section */

/* Begin PBXFileReference section */
		D351FBCF206B1D1400801CA4 /* 月半小夜曲.lrc */ = {isa = PBXFileReference; fileEncoding = 4; lastKnownFileType = text; path = "月半小夜曲.lrc"; sourceTree = "<group>"; };
		D351FBD0206B1D1400801CA4 /* 255319.lrc */ = {isa = PBXFileReference; fileEncoding = 4; lastKnownFileType = text; path = 255319.lrc; sourceTree = "<group>"; };
		D351FBD1206B1D1400801CA4 /* 14945107.lrc */ = {isa = PBXFileReference; fileEncoding = 4; lastKnownFileType = text; path = 14945107.lrc; sourceTree = "<group>"; };
		D351FBD2206B1D1400801CA4 /* 10736444.lrc */ = {isa = PBXFileReference; fileEncoding = 4; lastKnownFileType = text; path = 10736444.lrc; sourceTree = "<group>"; };
		D351FBD3206B1D1400801CA4 /* 309769.lrc */ = {isa = PBXFileReference; fileEncoding = 4; lastKnownFileType = text; path = 309769.lrc; sourceTree = "<group>"; };
		D351FBD4206B1D1400801CA4 /* 235319.lrc */ = {isa = PBXFileReference; fileEncoding = 4; lastKnownFileType = text; path = 235319.lrc; sourceTree = "<group>"; };
		D351FBD5206B1D1400801CA4 /* 12309111.lrc */ = {isa = PBXFileReference; fileEncoding = 4; lastKnownFileType = text; path = 12309111.lrc; sourceTree = "<group>"; };
		D351FBD6206B1D1400801CA4 /* 339744.lrc */ = {isa = PBXFileReference; fileEncoding = 4; lastKnownFileType = text; path = 339744.lrc; sourceTree = "<group>"; };
		D351FBD7206B1D1400801CA4 /* 10405520.lrc */ = {isa = PBXFileReference; fileEncoding = 4; lastKnownFileType = text; path = 10405520.lrc; sourceTree = "<group>"; };
		D351FBD8206B1D1400801CA4 /* 120125029.lrc */ = {isa = PBXFileReference; fileEncoding = 4; lastKnownFileType = text; path = 120125029.lrc; sourceTree = "<group>"; };
		D351FBDA206B1D1400801CA4 /* wf@2x.jpg */ = {isa = PBXFileReference; lastKnownFileType = image.jpeg; path = "wf@2x.jpg"; sourceTree = "<group>"; };
		D351FBDB206B1D1400801CA4 /* jay@2x.jpg */ = {isa = PBXFileReference; lastKnownFileType = image.jpeg; path = "jay@2x.jpg"; sourceTree = "<group>"; };
		D351FBDC206B1D1400801CA4 /* lkq_icon@2x.jpg */ = {isa = PBXFileReference; lastKnownFileType = image.jpeg; path = "lkq_icon@2x.jpg"; sourceTree = "<group>"; };
		D351FBDD206B1D1400801CA4 /* jay_icon@2x.png */ = {isa = PBXFileReference; lastKnownFileType = image.png; path = "jay_icon@2x.png"; sourceTree = "<group>"; };
		D351FBDE206B1D1400801CA4 /* dzq_icon@2x.jpg */ = {isa = PBXFileReference; lastKnownFileType = image.jpeg; path = "dzq_icon@2x.jpg"; sourceTree = "<group>"; };
		D351FBDF206B1D1400801CA4 /* zxy@2x.jpg */ = {isa = PBXFileReference; lastKnownFileType = image.jpeg; path = "zxy@2x.jpg"; sourceTree = "<group>"; };
		D351FBE0206B1D1400801CA4 /* kzxd_icon@2x.jpg */ = {isa = PBXFileReference; lastKnownFileType = image.jpeg; path = "kzxd_icon@2x.jpg"; sourceTree = "<group>"; };
		D351FBE1206B1D1400801CA4 /* dzq@2x.jpg */ = {isa = PBXFileReference; lastKnownFileType = image.jpeg; path = "dzq@2x.jpg"; sourceTree = "<group>"; };
		D351FBE2206B1D1400801CA4 /* jj@2x.jpg */ = {isa = PBXFileReference; lastKnownFileType = image.jpeg; path = "jj@2x.jpg"; sourceTree = "<group>"; };
		D351FBE3206B1D1400801CA4 /* lkq@2x.jpg */ = {isa = PBXFileReference; lastKnownFileType = image.jpeg; path = "lkq@2x.jpg"; sourceTree = "<group>"; };
		D351FBE4206B1D1400801CA4 /* wf_icon@2x.jpg */ = {isa = PBXFileReference; lastKnownFileType = image.jpeg; path = "wf_icon@2x.jpg"; sourceTree = "<group>"; };
		D351FBE5206B1D1400801CA4 /* eason_icon@2x.jpg */ = {isa = PBXFileReference; lastKnownFileType = image.jpeg; path = "eason_icon@2x.jpg"; sourceTree = "<group>"; };
		D351FBE6206B1D1400801CA4 /* kzxd@2x.jpg */ = {isa = PBXFileReference; lastKnownFileType = image.jpeg; path = "kzxd@2x.jpg"; sourceTree = "<group>"; };
		D351FBE7206B1D1400801CA4 /* bb@2x.jpg */ = {isa = PBXFileReference; lastKnownFileType = image.jpeg; path = "bb@2x.jpg"; sourceTree = "<group>"; };
		D351FBE8206B1D1400801CA4 /* eason@2x.jpg */ = {isa = PBXFileReference; lastKnownFileType = image.jpeg; path = "eason@2x.jpg"; sourceTree = "<group>"; };
		D351FBE9206B1D1400801CA4 /* jj_icon@2x.png */ = {isa = PBXFileReference; lastKnownFileType = image.png; path = "jj_icon@2x.png"; sourceTree = "<group>"; };
		D351FBEA206B1D1400801CA4 /* nanquan@2x.jpg */ = {isa = PBXFileReference; lastKnownFileType = image.jpeg; path = "nanquan@2x.jpg"; sourceTree = "<group>"; };
		D351FBEB206B1D1400801CA4 /* bb_icon@2x.jpg */ = {isa = PBXFileReference; lastKnownFileType = image.jpeg; path = "bb_icon@2x.jpg"; sourceTree = "<group>"; };
		D351FBEC206B1D1400801CA4 /* zxy_icon@2x.jpg */ = {isa = PBXFileReference; lastKnownFileType = image.jpeg; path = "zxy_icon@2x.jpg"; sourceTree = "<group>"; };
		D351FBED206B1D1400801CA4 /* nanquan_icon@2x.jpg */ = {isa = PBXFileReference; lastKnownFileType = image.jpeg; path = "nanquan_icon@2x.jpg"; sourceTree = "<group>"; };
		D351FBEF206B1D1400801CA4 /* 14945107.mp3 */ = {isa = PBXFileReference; lastKnownFileType = audio.mp3; path = 14945107.mp3; sourceTree = "<group>"; };
		D351FBF0206B1D1400801CA4 /* 255319.mp3 */ = {isa = PBXFileReference; lastKnownFileType = audio.mp3; path = 255319.mp3; sourceTree = "<group>"; };
		D351FBF1206B1D1400801CA4 /* 235319.mp3 */ = {isa = PBXFileReference; lastKnownFileType = audio.mp3; path = 235319.mp3; sourceTree = "<group>"; };
		D351FBF2206B1D1400801CA4 /* 309769.mp3 */ = {isa = PBXFileReference; lastKnownFileType = audio.mp3; path = 309769.mp3; sourceTree = "<group>"; };
		D351FBF3206B1D1400801CA4 /* 10736444.mp3 */ = {isa = PBXFileReference; lastKnownFileType = audio.mp3; path = 10736444.mp3; sourceTree = "<group>"; };
		D351FBF4206B1D1400801CA4 /* 1201111234.mp3 */ = {isa = PBXFileReference; lastKnownFileType = audio.mp3; path = 1201111234.mp3; sourceTree = "<group>"; };
		D351FBF5206B1D1400801CA4 /* 10405520.mp3 */ = {isa = PBXFileReference; lastKnownFileType = audio.mp3; path = 10405520.mp3; sourceTree = "<group>"; };
		D351FBF6206B1D1400801CA4 /* 120125029.mp3 */ = {isa = PBXFileReference; lastKnownFileType = audio.mp3; path = 120125029.mp3; sourceTree = "<group>"; };
		D351FBF7206B1D1400801CA4 /* 12309111.mp3 */ = {isa = PBXFileReference; lastKnownFileType = audio.mp3; path = 12309111.mp3; sourceTree = "<group>"; };
		D351FBF8206B1D1400801CA4 /* 339744.mp3 */ = {isa = PBXFileReference; lastKnownFileType = audio.mp3; path = 339744.mp3; sourceTree = "<group>"; };
		D351FBF9206B1D1400801CA4 /* Musics.plist */ = {isa = PBXFileReference; fileEncoding = 4; lastKnownFileType = text.plist.xml; path = Musics.plist; sourceTree = "<group>"; };
		D352F795206D105500975EC5 /* QQDetailVM.swift */ = {isa = PBXFileReference; lastKnownFileType = sourcecode.swift; path = QQDetailVM.swift; sourceTree = "<group>"; };
		D36FAE94206CFC9F00906273 /* PlayingViewController.swift */ = {isa = PBXFileReference; fileEncoding = 4; lastKnownFileType = sourcecode.swift; path = PlayingViewController.swift; sourceTree = "<group>"; };
		D36FAE96206CFC9F00906273 /* MusicModel.swift */ = {isa = PBXFileReference; fileEncoding = 4; lastKnownFileType = sourcecode.swift; path = MusicModel.swift; sourceTree = "<group>"; };
		D36FAE9C206CFCAC00906273 /* CALayer-Extension.swift */ = {isa = PBXFileReference; fileEncoding = 4; lastKnownFileType = sourcecode.swift; path = "CALayer-Extension.swift"; sourceTree = "<group>"; };
		D36FAE9E206CFCAC00906273 /* SFMusicTool.swift */ = {isa = PBXFileReference; fileEncoding = 4; lastKnownFileType = sourcecode.swift; path = SFMusicTool.swift; sourceTree = "<group>"; };
		D36FAEA4206CFD3B00906273 /* QQListTableViewController.swift */ = {isa = PBXFileReference; lastKnownFileType = sourcecode.swift; path = QQListTableViewController.swift; sourceTree = "<group>"; };
		D36FAEA6206D023E00906273 /* QQListCell.swift */ = {isa = PBXFileReference; lastKnownFileType = sourcecode.swift; path = QQListCell.swift; sourceTree = "<group>"; };
		D36FAEA7206D023E00906273 /* QQListCell.xib */ = {isa = PBXFileReference; lastKnownFileType = file.xib; path = QQListCell.xib; sourceTree = "<group>"; };
		D3B4FE57206B10EB0076D341 /* QQMusic.app */ = {isa = PBXFileReference; explicitFileType = wrapper.application; includeInIndex = 0; path = QQMusic.app; sourceTree = BUILT_PRODUCTS_DIR; };
		D3B4FE5A206B10EB0076D341 /* AppDelegate.swift */ = {isa = PBXFileReference; lastKnownFileType = sourcecode.swift; path = AppDelegate.swift; sourceTree = "<group>"; };
		D3B4FE5F206B10EB0076D341 /* Base */ = {isa = PBXFileReference; lastKnownFileType = file.storyboard; name = Base; path = Base.lproj/Main.storyboard; sourceTree = "<group>"; };
		D3B4FE61206B10EB0076D341 /* Assets.xcassets */ = {isa = PBXFileReference; lastKnownFileType = folder.assetcatalog; path = Assets.xcassets; sourceTree = "<group>"; };
		D3B4FE64206B10EB0076D341 /* Base */ = {isa = PBXFileReference; lastKnownFileType = file.storyboard; name = Base; path = Base.lproj/LaunchScreen.storyboard; sourceTree = "<group>"; };
		D3B4FE66206B10EB0076D341 /* Info.plist */ = {isa = PBXFileReference; lastKnownFileType = text.plist.xml; path = Info.plist; sourceTree = "<group>"; };
/* End PBXFileReference section */

/* Begin PBXFrameworksBuildPhase section */
		D3B4FE54206B10EB0076D341 /* Frameworks */ = {
			isa = PBXFrameworksBuildPhase;
			buildActionMask = 2147483647;
			files = (
			);
			runOnlyForDeploymentPostprocessing = 0;
		};
/* End PBXFrameworksBuildPhase section */

/* Begin PBXGroup section */
		D351FBC8206B1CFF00801CA4 /* Module */ = {
			isa = PBXGroup;
			children = (
				D36FAE91206CFC9F00906273 /* QQList */,
				D36FAE92206CFC9F00906273 /* QQDetail */,
			);
			path = Module;
			sourceTree = "<group>";
		};
		D351FBCD206B1D1400801CA4 /* Resources */ = {
			isa = PBXGroup;
			children = (
				D351FBCE206B1D1400801CA4 /* Lrcs */,
				D351FBD9206B1D1400801CA4 /* Images */,
				D351FBEE206B1D1400801CA4 /* MP3s */,
				D351FBF9206B1D1400801CA4 /* Musics.plist */,
			);
			path = Resources;
			sourceTree = "<group>";
		};
		D351FBCE206B1D1400801CA4 /* Lrcs */ = {
			isa = PBXGroup;
			children = (
				D351FBCF206B1D1400801CA4 /* 月半小夜曲.lrc */,
				D351FBD0206B1D1400801CA4 /* 255319.lrc */,
				D351FBD1206B1D1400801CA4 /* 14945107.lrc */,
				D351FBD2206B1D1400801CA4 /* 10736444.lrc */,
				D351FBD3206B1D1400801CA4 /* 309769.lrc */,
				D351FBD4206B1D1400801CA4 /* 235319.lrc */,
				D351FBD5206B1D1400801CA4 /* 12309111.lrc */,
				D351FBD6206B1D1400801CA4 /* 339744.lrc */,
				D351FBD7206B1D1400801CA4 /* 10405520.lrc */,
				D351FBD8206B1D1400801CA4 /* 120125029.lrc */,
			);
			path = Lrcs;
			sourceTree = "<group>";
		};
		D351FBD9206B1D1400801CA4 /* Images */ = {
			isa = PBXGroup;
			children = (
				D351FBDA206B1D1400801CA4 /* wf@2x.jpg */,
				D351FBDB206B1D1400801CA4 /* jay@2x.jpg */,
				D351FBDC206B1D1400801CA4 /* lkq_icon@2x.jpg */,
				D351FBDD206B1D1400801CA4 /* jay_icon@2x.png */,
				D351FBDE206B1D1400801CA4 /* dzq_icon@2x.jpg */,
				D351FBDF206B1D1400801CA4 /* zxy@2x.jpg */,
				D351FBE0206B1D1400801CA4 /* kzxd_icon@2x.jpg */,
				D351FBE1206B1D1400801CA4 /* dzq@2x.jpg */,
				D351FBE2206B1D1400801CA4 /* jj@2x.jpg */,
				D351FBE3206B1D1400801CA4 /* lkq@2x.jpg */,
				D351FBE4206B1D1400801CA4 /* wf_icon@2x.jpg */,
				D351FBE5206B1D1400801CA4 /* eason_icon@2x.jpg */,
				D351FBE6206B1D1400801CA4 /* kzxd@2x.jpg */,
				D351FBE7206B1D1400801CA4 /* bb@2x.jpg */,
				D351FBE8206B1D1400801CA4 /* eason@2x.jpg */,
				D351FBE9206B1D1400801CA4 /* jj_icon@2x.png */,
				D351FBEA206B1D1400801CA4 /* nanquan@2x.jpg */,
				D351FBEB206B1D1400801CA4 /* bb_icon@2x.jpg */,
				D351FBEC206B1D1400801CA4 /* zxy_icon@2x.jpg */,
				D351FBED206B1D1400801CA4 /* nanquan_icon@2x.jpg */,
			);
			path = Images;
			sourceTree = "<group>";
		};
		D351FBEE206B1D1400801CA4 /* MP3s */ = {
			isa = PBXGroup;
			children = (
				D351FBEF206B1D1400801CA4 /* 14945107.mp3 */,
				D351FBF0206B1D1400801CA4 /* 255319.mp3 */,
				D351FBF1206B1D1400801CA4 /* 235319.mp3 */,
				D351FBF2206B1D1400801CA4 /* 309769.mp3 */,
				D351FBF3206B1D1400801CA4 /* 10736444.mp3 */,
				D351FBF4206B1D1400801CA4 /* 1201111234.mp3 */,
				D351FBF5206B1D1400801CA4 /* 10405520.mp3 */,
				D351FBF6206B1D1400801CA4 /* 120125029.mp3 */,
				D351FBF7206B1D1400801CA4 /* 12309111.mp3 */,
				D351FBF8206B1D1400801CA4 /* 339744.mp3 */,
			);
			path = MP3s;
			sourceTree = "<group>";
		};
		D352F794206D104000975EC5 /* ViewModel */ = {
			isa = PBXGroup;
			children = (
				D352F795206D105500975EC5 /* QQDetailVM.swift */,
			);
			path = ViewModel;
			sourceTree = "<group>";
		};
		D36FAE91206CFC9F00906273 /* QQList */ = {
			isa = PBXGroup;
			children = (
				D36FAEA1206CFCD500906273 /* Controller */,
				D36FAEA2206CFCD500906273 /* Model */,
				D36FAEA3206CFCD500906273 /* View */,
			);
			path = QQList;
			sourceTree = "<group>";
		};
		D36FAE92206CFC9F00906273 /* QQDetail */ = {
			isa = PBXGroup;
			children = (
				D352F794206D104000975EC5 /* ViewModel */,
				D36FAE93206CFC9F00906273 /* Controller */,
				D36FAE95206CFC9F00906273 /* Model */,
				D36FAE97206CFC9F00906273 /* View */,
			);
			path = QQDetail;
			sourceTree = "<group>";
		};
		D36FAE93206CFC9F00906273 /* Controller */ = {
			isa = PBXGroup;
			children = (
				D36FAE94206CFC9F00906273 /* PlayingViewController.swift */,
			);
			path = Controller;
			sourceTree = "<group>";
		};
		D36FAE95206CFC9F00906273 /* Model */ = {
			isa = PBXGroup;
			children = (
				D36FAE96206CFC9F00906273 /* MusicModel.swift */,
			);
			path = Model;
			sourceTree = "<group>";
		};
		D36FAE97206CFC9F00906273 /* View */ = {
			isa = PBXGroup;
			children = (
			);
			path = View;
			sourceTree = "<group>";
		};
		D36FAE9A206CFCAC00906273 /* Other */ = {
			isa = PBXGroup;
			children = (
				D36FAE9B206CFCAC00906273 /* Extension */,
				D36FAE9D206CFCAC00906273 /* Tool */,
			);
			path = Other;
			sourceTree = "<group>";
		};
		D36FAE9B206CFCAC00906273 /* Extension */ = {
			isa = PBXGroup;
			children = (
				D36FAE9C206CFCAC00906273 /* CALayer-Extension.swift */,
			);
			path = Extension;
			sourceTree = "<group>";
		};
		D36FAE9D206CFCAC00906273 /* Tool */ = {
			isa = PBXGroup;
			children = (
				D36FAE9E206CFCAC00906273 /* SFMusicTool.swift */,
			);
			path = Tool;
			sourceTree = "<group>";
		};
		D36FAEA1206CFCD500906273 /* Controller */ = {
			isa = PBXGroup;
			children = (
				D36FAEA4206CFD3B00906273 /* QQListTableViewController.swift */,
			);
			path = Controller;
			sourceTree = "<group>";
		};
		D36FAEA2206CFCD500906273 /* Model */ = {
			isa = PBXGroup;
			children = (
			);
			path = Model;
			sourceTree = "<group>";
		};
		D36FAEA3206CFCD500906273 /* View */ = {
			isa = PBXGroup;
			children = (
				D36FAEA6206D023E00906273 /* QQListCell.swift */,
				D36FAEA7206D023E00906273 /* QQListCell.xib */,
			);
			path = View;
			sourceTree = "<group>";
		};
		D3B4FE4E206B10EB0076D341 = {
			isa = PBXGroup;
			children = (
				D3B4FE59206B10EB0076D341 /* QQMusic */,
				D3B4FE58206B10EB0076D341 /* Products */,
			);
			sourceTree = "<group>";
		};
		D3B4FE58206B10EB0076D341 /* Products */ = {
			isa = PBXGroup;
			children = (
				D3B4FE57206B10EB0076D341 /* QQMusic.app */,
			);
			name = Products;
			sourceTree = "<group>";
		};
		D3B4FE59206B10EB0076D341 /* QQMusic */ = {
			isa = PBXGroup;
			children = (
				D351FBCD206B1D1400801CA4 /* Resources */,
				D351FBC8206B1CFF00801CA4 /* Module */,
				D36FAE9A206CFCAC00906273 /* Other */,
				D3B4FE5A206B10EB0076D341 /* AppDelegate.swift */,
				D3B4FE5E206B10EB0076D341 /* Main.storyboard */,
				D3B4FE61206B10EB0076D341 /* Assets.xcassets */,
				D3B4FE63206B10EB0076D341 /* LaunchScreen.storyboard */,
				D3B4FE66206B10EB0076D341 /* Info.plist */,
			);
			path = QQMusic;
			sourceTree = "<group>";
		};
/* End PBXGroup section */

/* Begin PBXNativeTarget section */
		D3B4FE56206B10EB0076D341 /* QQMusic */ = {
			isa = PBXNativeTarget;
			buildConfigurationList = D3B4FE69206B10EB0076D341 /* Build configuration list for PBXNativeTarget "QQMusic" */;
			buildPhases = (
				D3B4FE53206B10EB0076D341 /* Sources */,
				D3B4FE54206B10EB0076D341 /* Frameworks */,
				D3B4FE55206B10EB0076D341 /* Resources */,
			);
			buildRules = (
			);
			dependencies = (
			);
			name = QQMusic;
			productName = QQMusic;
			productReference = D3B4FE57206B10EB0076D341 /* QQMusic.app */;
			productType = "com.apple.product-type.application";
		};
/* End PBXNativeTarget section */

/* Begin PBXProject section */
		D3B4FE4F206B10EB0076D341 /* Project object */ = {
			isa = PBXProject;
			attributes = {
				LastSwiftUpdateCheck = 0920;
				LastUpgradeCheck = 0920;
				ORGANIZATIONNAME = "Brian Inc.";
				TargetAttributes = {
					D3B4FE56206B10EB0076D341 = {
						CreatedOnToolsVersion = 9.2;
						ProvisioningStyle = Automatic;
					};
				};
			};
			buildConfigurationList = D3B4FE52206B10EB0076D341 /* Build configuration list for PBXProject "QQMusic" */;
			compatibilityVersion = "Xcode 8.0";
			developmentRegion = en;
			hasScannedForEncodings = 0;
			knownRegions = (
				en,
				Base,
			);
			mainGroup = D3B4FE4E206B10EB0076D341;
			productRefGroup = D3B4FE58206B10EB0076D341 /* Products */;
			projectDirPath = "";
			projectRoot = "";
			targets = (
				D3B4FE56206B10EB0076D341 /* QQMusic */,
			);
		};
/* End PBXProject section */

/* Begin PBXResourcesBuildPhase section */
		D3B4FE55206B10EB0076D341 /* Resources */ = {
			isa = PBXResourcesBuildPhase;
			buildActionMask = 2147483647;
			files = (
				D351FC01206B1D1400801CA4 /* 339744.lrc in Resources */,
				D351FC05206B1D1400801CA4 /* jay@2x.jpg in Resources */,
				D351FC0F206B1D1400801CA4 /* eason_icon@2x.jpg in Resources */,
				D351FBFD206B1D1400801CA4 /* 10736444.lrc in Resources */,
				D351FC09206B1D1400801CA4 /* zxy@2x.jpg in Resources */,
				D351FBFB206B1D1400801CA4 /* 255319.lrc in Resources */,
				D351FC22206B1D1400801CA4 /* Musics.plist in Resources */,
				D3B4FE65206B10EB0076D341 /* LaunchScreen.storyboard in Resources */,
				D351FC07206B1D1400801CA4 /* jay_icon@2x.png in Resources */,
				D351FC02206B1D1400801CA4 /* 10405520.lrc in Resources */,
				D351FC1C206B1D1400801CA4 /* 10736444.mp3 in Resources */,
				D351FC11206B1D1400801CA4 /* bb@2x.jpg in Resources */,
				D351FC04206B1D1400801CA4 /* wf@2x.jpg in Resources */,
				D351FC0D206B1D1400801CA4 /* lkq@2x.jpg in Resources */,
				D351FC1B206B1D1400801CA4 /* 309769.mp3 in Resources */,
				D351FBFF206B1D1400801CA4 /* 235319.lrc in Resources */,
				D351FC0C206B1D1400801CA4 /* jj@2x.jpg in Resources */,
				D351FC10206B1D1400801CA4 /* kzxd@2x.jpg in Resources */,
				D351FC0E206B1D1400801CA4 /* wf_icon@2x.jpg in Resources */,
				D351FC06206B1D1400801CA4 /* lkq_icon@2x.jpg in Resources */,
				D351FC1D206B1D1400801CA4 /* 1201111234.mp3 in Resources */,
				D351FBFE206B1D1400801CA4 /* 309769.lrc in Resources */,
				D351FC15206B1D1400801CA4 /* bb_icon@2x.jpg in Resources */,
				D351FC00206B1D1400801CA4 /* 12309111.lrc in Resources */,
				D351FC12206B1D1400801CA4 /* eason@2x.jpg in Resources */,
				D351FC18206B1D1400801CA4 /* 14945107.mp3 in Resources */,
				D351FBFC206B1D1400801CA4 /* 14945107.lrc in Resources */,
				D351FC08206B1D1400801CA4 /* dzq_icon@2x.jpg in Resources */,
				D351FC1E206B1D1400801CA4 /* 10405520.mp3 in Resources */,
				D351FC17206B1D1400801CA4 /* nanquan_icon@2x.jpg in Resources */,
				D351FC03206B1D1400801CA4 /* 120125029.lrc in Resources */,
				D351FC14206B1D1400801CA4 /* nanquan@2x.jpg in Resources */,
				D36FAEA9206D023E00906273 /* QQListCell.xib in Resources */,
				D351FC1F206B1D1400801CA4 /* 120125029.mp3 in Resources */,
				D351FC1A206B1D1400801CA4 /* 235319.mp3 in Resources */,
				D3B4FE62206B10EB0076D341 /* Assets.xcassets in Resources */,
				D3B4FE60206B10EB0076D341 /* Main.storyboard in Resources */,
				D351FC16206B1D1400801CA4 /* zxy_icon@2x.jpg in Resources */,
				D351FC19206B1D1400801CA4 /* 255319.mp3 in Resources */,
				D351FC0A206B1D1400801CA4 /* kzxd_icon@2x.jpg in Resources */,
				D351FBFA206B1D1400801CA4 /* 月半小夜曲.lrc in Resources */,
				D351FC13206B1D1400801CA4 /* jj_icon@2x.png in Resources */,
				D351FC20206B1D1400801CA4 /* 12309111.mp3 in Resources */,
				D351FC0B206B1D1400801CA4 /* dzq@2x.jpg in Resources */,
				D351FC21206B1D1400801CA4 /* 339744.mp3 in Resources */,
			);
			runOnlyForDeploymentPostprocessing = 0;
		};
/* End PBXResourcesBuildPhase section */

/* Begin PBXSourcesBuildPhase section */
		D3B4FE53206B10EB0076D341 /* Sources */ = {
			isa = PBXSourcesBuildPhase;
			buildActionMask = 2147483647;
			files = (
				D36FAEA0206CFCAC00906273 /* SFMusicTool.swift in Sources */,
				D3B4FE5B206B10EB0076D341 /* AppDelegate.swift in Sources */,
				D36FAE9F206CFCAC00906273 /* CALayer-Extension.swift in Sources */,
				D352F796206D105500975EC5 /* QQDetailVM.swift in Sources */,
				D36FAEA8206D023E00906273 /* QQListCell.swift in Sources */,
				D36FAEA5206CFD3B00906273 /* QQListTableViewController.swift in Sources */,
				D36FAE98206CFC9F00906273 /* PlayingViewController.swift in Sources */,
				D36FAE99206CFC9F00906273 /* MusicModel.swift in Sources */,
			);
			runOnlyForDeploymentPostprocessing = 0;
		};
/* End PBXSourcesBuildPhase section */

/* Begin PBXVariantGroup section */
		D3B4FE5E206B10EB0076D341 /* Main.storyboard */ = {
			isa = PBXVariantGroup;
			children = (
				D3B4FE5F206B10EB0076D341 /* Base */,
			);
			name = Main.storyboard;
			sourceTree = "<group>";
		};
		D3B4FE63206B10EB0076D341 /* LaunchScreen.storyboard */ = {
			isa = PBXVariantGroup;
			children = (
				D3B4FE64206B10EB0076D341 /* Base */,
			);
			name = LaunchScreen.storyboard;
			sourceTree = "<group>";
		};
/* End PBXVariantGroup section */

/* Begin XCBuildConfiguration section */
		D3B4FE67206B10EB0076D341 /* Debug */ = {
			isa = XCBuildConfiguration;
			buildSettings = {
				ALWAYS_SEARCH_USER_PATHS = NO;
				CLANG_ANALYZER_NONNULL = YES;
				CLANG_ANALYZER_NUMBER_OBJECT_CONVERSION = YES_AGGRESSIVE;
				CLANG_CXX_LANGUAGE_STANDARD = "gnu++14";
				CLANG_CXX_LIBRARY = "libc++";
				CLANG_ENABLE_MODULES = YES;
				CLANG_ENABLE_OBJC_ARC = YES;
				CLANG_WARN_BLOCK_CAPTURE_AUTORELEASING = YES;
				CLANG_WARN_BOOL_CONVERSION = YES;
				CLANG_WARN_COMMA = YES;
				CLANG_WARN_CONSTANT_CONVERSION = YES;
				CLANG_WARN_DIRECT_OBJC_ISA_USAGE = YES_ERROR;
				CLANG_WARN_DOCUMENTATION_COMMENTS = YES;
				CLANG_WARN_EMPTY_BODY = YES;
				CLANG_WARN_ENUM_CONVERSION = YES;
				CLANG_WARN_INFINITE_RECURSION = YES;
				CLANG_WARN_INT_CONVERSION = YES;
				CLANG_WARN_NON_LITERAL_NULL_CONVERSION = YES;
				CLANG_WARN_OBJC_LITERAL_CONVERSION = YES;
				CLANG_WARN_OBJC_ROOT_CLASS = YES_ERROR;
				CLANG_WARN_RANGE_LOOP_ANALYSIS = YES;
				CLANG_WARN_STRICT_PROTOTYPES = YES;
				CLANG_WARN_SUSPICIOUS_MOVE = YES;
				CLANG_WARN_UNGUARDED_AVAILABILITY = YES_AGGRESSIVE;
				CLANG_WARN_UNREACHABLE_CODE = YES;
				CLANG_WARN__DUPLICATE_METHOD_MATCH = YES;
				CODE_SIGN_IDENTITY = "iPhone Developer";
				COPY_PHASE_STRIP = NO;
				DEBUG_INFORMATION_FORMAT = dwarf;
				ENABLE_STRICT_OBJC_MSGSEND = YES;
				ENABLE_TESTABILITY = YES;
				GCC_C_LANGUAGE_STANDARD = gnu11;
				GCC_DYNAMIC_NO_PIC = NO;
				GCC_NO_COMMON_BLOCKS = YES;
				GCC_OPTIMIZATION_LEVEL = 0;
				GCC_PREPROCESSOR_DEFINITIONS = (
					"DEBUG=1",
					"$(inherited)",
				);
				GCC_WARN_64_TO_32_BIT_CONVERSION = YES;
				GCC_WARN_ABOUT_RETURN_TYPE = YES_ERROR;
				GCC_WARN_UNDECLARED_SELECTOR = YES;
				GCC_WARN_UNINITIALIZED_AUTOS = YES_AGGRESSIVE;
				GCC_WARN_UNUSED_FUNCTION = YES;
				GCC_WARN_UNUSED_VARIABLE = YES;
				IPHONEOS_DEPLOYMENT_TARGET = 11.2;
				MTL_ENABLE_DEBUG_INFO = YES;
				ONLY_ACTIVE_ARCH = YES;
				SDKROOT = iphoneos;
				SWIFT_ACTIVE_COMPILATION_CONDITIONS = DEBUG;
				SWIFT_OPTIMIZATION_LEVEL = "-Onone";
			};
			name = Debug;
		};
		D3B4FE68206B10EB0076D341 /* Release */ = {
			isa = XCBuildConfiguration;
			buildSettings = {
				ALWAYS_SEARCH_USER_PATHS = NO;
				CLANG_ANALYZER_NONNULL = YES;
				CLANG_ANALYZER_NUMBER_OBJECT_CONVERSION = YES_AGGRESSIVE;
				CLANG_CXX_LANGUAGE_STANDARD = "gnu++14";
				CLANG_CXX_LIBRARY = "libc++";
				CLANG_ENABLE_MODULES = YES;
				CLANG_ENABLE_OBJC_ARC = YES;
				CLANG_WARN_BLOCK_CAPTURE_AUTORELEASING = YES;
				CLANG_WARN_BOOL_CONVERSION = YES;
				CLANG_WARN_COMMA = YES;
				CLANG_WARN_CONSTANT_CONVERSION = YES;
				CLANG_WARN_DIRECT_OBJC_ISA_USAGE = YES_ERROR;
				CLANG_WARN_DOCUMENTATION_COMMENTS = YES;
				CLANG_WARN_EMPTY_BODY = YES;
				CLANG_WARN_ENUM_CONVERSION = YES;
				CLANG_WARN_INFINITE_RECURSION = YES;
				CLANG_WARN_INT_CONVERSION = YES;
				CLANG_WARN_NON_LITERAL_NULL_CONVERSION = YES;
				CLANG_WARN_OBJC_LITERAL_CONVERSION = YES;
				CLANG_WARN_OBJC_ROOT_CLASS = YES_ERROR;
				CLANG_WARN_RANGE_LOOP_ANALYSIS = YES;
				CLANG_WARN_STRICT_PROTOTYPES = YES;
				CLANG_WARN_SUSPICIOUS_MOVE = YES;
				CLANG_WARN_UNGUARDED_AVAILABILITY = YES_AGGRESSIVE;
				CLANG_WARN_UNREACHABLE_CODE = YES;
				CLANG_WARN__DUPLICATE_METHOD_MATCH = YES;
				CODE_SIGN_IDENTITY = "iPhone Developer";
				COPY_PHASE_STRIP = NO;
				DEBUG_INFORMATION_FORMAT = "dwarf-with-dsym";
				ENABLE_NS_ASSERTIONS = NO;
				ENABLE_STRICT_OBJC_MSGSEND = YES;
				GCC_C_LANGUAGE_STANDARD = gnu11;
				GCC_NO_COMMON_BLOCKS = YES;
				GCC_WARN_64_TO_32_BIT_CONVERSION = YES;
				GCC_WARN_ABOUT_RETURN_TYPE = YES_ERROR;
				GCC_WARN_UNDECLARED_SELECTOR = YES;
				GCC_WARN_UNINITIALIZED_AUTOS = YES_AGGRESSIVE;
				GCC_WARN_UNUSED_FUNCTION = YES;
				GCC_WARN_UNUSED_VARIABLE = YES;
				IPHONEOS_DEPLOYMENT_TARGET = 11.2;
				MTL_ENABLE_DEBUG_INFO = NO;
				SDKROOT = iphoneos;
				SWIFT_OPTIMIZATION_LEVEL = "-Owholemodule";
				VALIDATE_PRODUCT = YES;
			};
			name = Release;
		};
		D3B4FE6A206B10EB0076D341 /* Debug */ = {
			isa = XCBuildConfiguration;
			buildSettings = {
				ASSETCATALOG_COMPILER_APPICON_NAME = AppIcon;
				ASSETCATALOG_COMPILER_LAUNCHIMAGE_NAME = LaunchImage;
				CODE_SIGN_STYLE = Automatic;
				DEVELOPMENT_TEAM = 8ZZS76SEL5;
				INFOPLIST_FILE = QQMusic/Info.plist;
				IPHONEOS_DEPLOYMENT_TARGET = 10.0;
				LD_RUNPATH_SEARCH_PATHS = "$(inherited) @executable_path/Frameworks";
				PRODUCT_BUNDLE_IDENTIFIER = com.brian.QQMusic;
				PRODUCT_NAME = "$(TARGET_NAME)";
				SWIFT_VERSION = 4.0;
				TARGETED_DEVICE_FAMILY = 1;
			};
			name = Debug;
		};
		D3B4FE6B206B10EB0076D341 /* Release */ = {
			isa = XCBuildConfiguration;
			buildSettings = {
				ASSETCATALOG_COMPILER_APPICON_NAME = AppIcon;
				ASSETCATALOG_COMPILER_LAUNCHIMAGE_NAME = LaunchImage;
				CODE_SIGN_STYLE = Automatic;
				DEVELOPMENT_TEAM = 8ZZS76SEL5;
				INFOPLIST_FILE = QQMusic/Info.plist;
				IPHONEOS_DEPLOYMENT_TARGET = 10.0;
				LD_RUNPATH_SEARCH_PATHS = "$(inherited) @executable_path/Frameworks";
				PRODUCT_BUNDLE_IDENTIFIER = com.brian.QQMusic;
				PRODUCT_NAME = "$(TARGET_NAME)";
				SWIFT_VERSION = 4.0;
				TARGETED_DEVICE_FAMILY = 1;
			};
			name = Release;
		};
/* End XCBuildConfiguration section */

/* Begin XCConfigurationList section */
		D3B4FE52206B10EB0076D341 /* Build configuration list for PBXProject "QQMusic" */ = {
			isa = XCConfigurationList;
			buildConfigurations = (
				D3B4FE67206B10EB0076D341 /* Debug */,
				D3B4FE68206B10EB0076D341 /* Release */,
			);
			defaultConfigurationIsVisible = 0;
			defaultConfigurationName = Release;
		};
		D3B4FE69206B10EB0076D341 /* Build configuration list for PBXNativeTarget "QQMusic" */ = {
			isa = XCConfigurationList;
			buildConfigurations = (
				D3B4FE6A206B10EB0076D341 /* Debug */,
				D3B4FE6B206B10EB0076D341 /* Release */,
			);
			defaultConfigurationIsVisible = 0;
			defaultConfigurationName = Release;
		};
/* End XCConfigurationList section */
	};
	rootObject = D3B4FE4F206B10EB0076D341 /* Project object */;
}
