// !$*UTF8*$!
{
	archiveVersion = 1;
	classes = {
	};
	objectVersion = 48;
	objects = {

/* Begin PBXBuildFile section */
		D3B4FE5B206B10EB0076D341 /* AppDelegate.swift in Sources */ = {isa = PBXBuildFile; fileRef = D3B4FE5A206B10EB0076D341 /* AppDelegate.swift */; };
		D3B4FE5D206B10EB0076D341 /* ViewController.swift in Sources */ = {isa = PBXBuildFile; fileRef = D3B4FE5C206B10EB0076D341 /* ViewController.swift */; };
		D3B4FE60206B10EB0076D341 /* Main.storyboard in Resources */ = {isa = PBXBuildFile; fileRef = D3B4FE5E206B10EB0076D341 /* Main.storyboard */; };
		D3B4FE62206B10EB0076D341 /* Assets.xcassets in Resources */ = {isa = PBXBuildFile; fileRef = D3B4FE61206B10EB0076D341 /* Assets.xcassets */; };
		D3B4FE65206B10EB0076D341 /* LaunchScreen.storyboard in Resources */ = {isa = PBXBuildFile; fileRef = D3B4FE63206B10EB0076D341 /* LaunchScreen.storyboard */; };
/* End PBXBuildFile section */

/* Begin PBXFileReference section */
		D3B4FE57206B10EB0076D341 /* QQMusic.app */ = {isa = PBXFileReference; explicitFileType = wrapper.application; includeInIndex = 0; path = QQMusic.app; sourceTree = BUILT_PRODUCTS_DIR; };
		D3B4FE5A206B10EB0076D341 /* AppDelegate.swift */ = {isa = PBXFileReference; lastKnownFileType = sourcecode.swift; path = AppDelegate.swift; sourceTree = "<group>"; };
		D3B4FE5C206B10EB0076D341 /* ViewController.swift */ = {isa = PBXFileReference; lastKnownFileType = sourcecode.swift; path = ViewController.swift; sourceTree = "<group>"; };
		D3B4FE5F206B10EB0076D341 /* Base */ = {isa = PBXFileReference; lastKnownFileType = file.storyboard; name = Base; path = Base.lproj/Main.storyboard; sourceTree = "<group>"; };
		D3B4FE61206B10EB0076D341 /* Assets.xcassets */ = {isa = PBXFileReference; lastKnownFileType = folder.assetcatalog; path = Assets.xcassets; sourceTree = "<group>"; };
		D3B4FE64206B10EB0076D341 /* Base */ = {isa = PBXFileReference; lastKnownFileType = file.storyboard; name = Base; path = Base.lproj/LaunchScreen.storyboard; sourceTree = "<group>"; };
		D3B4FE66206B10EB0076D341 /* Info.plist */ = {isa = PBXFileReference; lastKnownFileType = text.plist.xml; path = Info.plist; sourceTree = "<group>"; };
/* End PBXFileReference section */

/* Begin PBXFrameworksBuildPhase section */
		D3B4FE54206B10EB0076D341 /* Frameworks */ = {
			isa = PBXFrameworksBuildPhase;
			buildActionMask = 2147483647;
			files = (
			);
			runOnlyForDeploymentPostprocessing = 0;
		};
/* End PBXFrameworksBuildPhase section */

/* Begin PBXGroup section */
		D3B4FE4E206B10EB0076D341 = {
			isa = PBXGroup;
			children = (
				D3B4FE59206B10EB0076D341 /* QQMusic */,
				D3B4FE58206B10EB0076D341 /* Products */,
			);
			sourceTree = "<group>";
		};
		D3B4FE58206B10EB0076D341 /* Products */ = {
			isa = PBXGroup;
			children = (
				D3B4FE57206B10EB0076D341 /* QQMusic.app */,
			);
			name = Products;
			sourceTree = "<group>";
		};
		D3B4FE59206B10EB0076D341 /* QQMusic */ = {
			isa = PBXGroup;
			children = (
				D3B4FE5A206B10EB0076D341 /* AppDelegate.swift */,
				D3B4FE5C206B10EB0076D341 /* ViewController.swift */,
				D3B4FE5E206B10EB0076D341 /* Main.storyboard */,
				D3B4FE61206B10EB0076D341 /* Assets.xcassets */,
				D3B4FE63206B10EB0076D341 /* LaunchScreen.storyboard */,
				D3B4FE66206B10EB0076D341 /* Info.plist */,
			);
			path = QQMusic;
			sourceTree = "<group>";
		};
/* End PBXGroup section */

/* Begin PBXNativeTarget section */
		D3B4FE56206B10EB0076D341 /* QQMusic */ = {
			isa = PBXNativeTarget;
			buildConfigurationList = D3B4FE69206B10EB0076D341 /* Build configuration list for PBXNativeTarget "QQMusic" */;
			buildPhases = (
				D3B4FE53206B10EB0076D341 /* Sources */,
				D3B4FE54206B10EB0076D341 /* Frameworks */,
				D3B4FE55206B10EB0076D341 /* Resources */,
			);
			buildRules = (
			);
			dependencies = (
			);
			name = QQMusic;
			productName = QQMusic;
			productReference = D3B4FE57206B10EB0076D341 /* QQMusic.app */;
			productType = "com.apple.product-type.application";
		};
/* End PBXNativeTarget section */

/* Begin PBXProject section */
		D3B4FE4F206B10EB0076D341 /* Project object */ = {
			isa = PBXProject;
			attributes = {
				LastSwiftUpdateCheck = 0920;
				LastUpgradeCheck = 0920;
				ORGANIZATIONNAME = "Brian Inc.";
				TargetAttributes = {
					D3B4FE56206B10EB0076D341 = {
						CreatedOnToolsVersion = 9.2;
						ProvisioningStyle = Automatic;
					};
				};
			};
			buildConfigurationList = D3B4FE52206B10EB0076D341 /* Build configuration list for PBXProject "QQMusic" */;
			compatibilityVersion = "Xcode 8.0";
			developmentRegion = en;
			hasScannedForEncodings = 0;
			knownRegions = (
				en,
				Base,
			);
			mainGroup = D3B4FE4E206B10EB0076D341;
			productRefGroup = D3B4FE58206B10EB0076D341 /* Products */;
			projectDirPath = "";
			projectRoot = "";
			targets = (
				D3B4FE56206B10EB0076D341 /* QQMusic */,
			);
		};
/* End PBXProject section */

/* Begin PBXResourcesBuildPhase section */
		D3B4FE55206B10EB0076D341 /* Resources */ = {
			isa = PBXResourcesBuildPhase;
			buildActionMask = 2147483647;
			files = (
				D3B4FE65206B10EB0076D341 /* LaunchScreen.storyboard in Resources */,
				D3B4FE62206B10EB0076D341 /* Assets.xcassets in Resources */,
				D3B4FE60206B10EB0076D341 /* Main.storyboard in Resources */,
			);
			runOnlyForDeploymentPostprocessing = 0;
		};
/* End PBXResourcesBuildPhase section */

/* Begin PBXSourcesBuildPhase section */
		D3B4FE53206B10EB0076D341 /* Sources */ = {
			isa = PBXSourcesBuildPhase;
			buildActionMask = 2147483647;
			files = (
				D3B4FE5D206B10EB0076D341 /* ViewController.swift in Sources */,
				D3B4FE5B206B10EB0076D341 /* AppDelegate.swift in Sources */,
			);
			runOnlyForDeploymentPostprocessing = 0;
		};
/* End PBXSourcesBuildPhase section */

/* Begin PBXVariantGroup section */
		D3B4FE5E206B10EB0076D341 /* Main.storyboard */ = {
			isa = PBXVariantGroup;
			children = (
				D3B4FE5F206B10EB0076D341 /* Base */,
			);
			name = Main.storyboard;
			sourceTree = "<group>";
		};
		D3B4FE63206B10EB0076D341 /* LaunchScreen.storyboard */ = {
			isa = PBXVariantGroup;
			children = (
				D3B4FE64206B10EB0076D341 /* Base */,
			);
			name = LaunchScreen.storyboard;
			sourceTree = "<group>";
		};
/* End PBXVariantGroup section */

/* Begin XCBuildConfiguration section */
		D3B4FE67206B10EB0076D341 /* Debug */ = {
			isa = XCBuildConfiguration;
			buildSettings = {
				ALWAYS_SEARCH_USER_PATHS = NO;
				CLANG_ANALYZER_NONNULL = YES;
				CLANG_ANALYZER_NUMBER_OBJECT_CONVERSION = YES_AGGRESSIVE;
				CLANG_CXX_LANGUAGE_STANDARD = "gnu++14";
				CLANG_CXX_LIBRARY = "libc++";
				CLANG_ENABLE_MODULES = YES;
				CLANG_ENABLE_OBJC_ARC = YES;
				CLANG_WARN_BLOCK_CAPTURE_AUTORELEASING = YES;
				CLANG_WARN_BOOL_CONVERSION = YES;
				CLANG_WARN_COMMA = YES;
				CLANG_WARN_CONSTANT_CONVERSION = YES;
				CLANG_WARN_DIRECT_OBJC_ISA_USAGE = YES_ERROR;
				CLANG_WARN_DOCUMENTATION_COMMENTS = YES;
				CLANG_WARN_EMPTY_BODY = YES;
				CLANG_WARN_ENUM_CONVERSION = YES;
				CLANG_WARN_INFINITE_RECURSION = YES;
				CLANG_WARN_INT_CONVERSION = YES;
				CLANG_WARN_NON_LITERAL_NULL_CONVERSION = YES;
				CLANG_WARN_OBJC_LITERAL_CONVERSION = YES;
				CLANG_WARN_OBJC_ROOT_CLASS = YES_ERROR;
				CLANG_WARN_RANGE_LOOP_ANALYSIS = YES;
				CLANG_WARN_STRICT_PROTOTYPES = YES;
				CLANG_WARN_SUSPICIOUS_MOVE = YES;
				CLANG_WARN_UNGUARDED_AVAILABILITY = YES_AGGRESSIVE;
				CLANG_WARN_UNREACHABLE_CODE = YES;
				CLANG_WARN__DUPLICATE_METHOD_MATCH = YES;
				CODE_SIGN_IDENTITY = "iPhone Developer";
				COPY_PHASE_STRIP = NO;
				DEBUG_INFORMATION_FORMAT = dwarf;
				ENABLE_STRICT_OBJC_MSGSEND = YES;
				ENABLE_TESTABILITY = YES;
				GCC_C_LANGUAGE_STANDARD = gnu11;
				GCC_DYNAMIC_NO_PIC = NO;
				GCC_NO_COMMON_BLOCKS = YES;
				GCC_OPTIMIZATION_LEVEL = 0;
				GCC_PREPROCESSOR_DEFINITIONS = (
					"DEBUG=1",
					"$(inherited)",
				);
				GCC_WARN_64_TO_32_BIT_CONVERSION = YES;
				GCC_WARN_ABOUT_RETURN_TYPE = YES_ERROR;
				GCC_WARN_UNDECLARED_SELECTOR = YES;
				GCC_WARN_UNINITIALIZED_AUTOS = YES_AGGRESSIVE;
				GCC_WARN_UNUSED_FUNCTION = YES;
				GCC_WARN_UNUSED_VARIABLE = YES;
				IPHONEOS_DEPLOYMENT_TARGET = 11.2;
				MTL_ENABLE_DEBUG_INFO = YES;
				ONLY_ACTIVE_ARCH = YES;
				SDKROOT = iphoneos;
				SWIFT_ACTIVE_COMPILATION_CONDITIONS = DEBUG;
				SWIFT_OPTIMIZATION_LEVEL = "-Onone";
			};
			name = Debug;
		};
		D3B4FE68206B10EB0076D341 /* Release */ = {
			isa = XCBuildConfiguration;
			buildSettings = {
				ALWAYS_SEARCH_USER_PATHS = NO;
				CLANG_ANALYZER_NONNULL = YES;
				CLANG_ANALYZER_NUMBER_OBJECT_CONVERSION = YES_AGGRESSIVE;
				CLANG_CXX_LANGUAGE_STANDARD = "gnu++14";
				CLANG_CXX_LIBRARY = "libc++";
				CLANG_ENABLE_MODULES = YES;
				CLANG_ENABLE_OBJC_ARC = YES;
				CLANG_WARN_BLOCK_CAPTURE_AUTORELEASING = YES;
				CLANG_WARN_BOOL_CONVERSION = YES;
				CLANG_WARN_COMMA = YES;
				CLANG_WARN_CONSTANT_CONVERSION = YES;
				CLANG_WARN_DIRECT_OBJC_ISA_USAGE = YES_ERROR;
				CLANG_WARN_DOCUMENTATION_COMMENTS = YES;
				CLANG_WARN_EMPTY_BODY = YES;
				CLANG_WARN_ENUM_CONVERSION = YES;
				CLANG_WARN_INFINITE_RECURSION = YES;
				CLANG_WARN_INT_CONVERSION = YES;
				CLANG_WARN_NON_LITERAL_NULL_CONVERSION = YES;
				CLANG_WARN_OBJC_LITERAL_CONVERSION = YES;
				CLANG_WARN_OBJC_ROOT_CLASS = YES_ERROR;
				CLANG_WARN_RANGE_LOOP_ANALYSIS = YES;
				CLANG_WARN_STRICT_PROTOTYPES = YES;
				CLANG_WARN_SUSPICIOUS_MOVE = YES;
				CLANG_WARN_UNGUARDED_AVAILABILITY = YES_AGGRESSIVE;
				CLANG_WARN_UNREACHABLE_CODE = YES;
				CLANG_WARN__DUPLICATE_METHOD_MATCH = YES;
				CODE_SIGN_IDENTITY = "iPhone Developer";
				COPY_PHASE_STRIP = NO;
				DEBUG_INFORMATION_FORMAT = "dwarf-with-dsym";
				ENABLE_NS_ASSERTIONS = NO;
				ENABLE_STRICT_OBJC_MSGSEND = YES;
				GCC_C_LANGUAGE_STANDARD = gnu11;
				GCC_NO_COMMON_BLOCKS = YES;
				GCC_WARN_64_TO_32_BIT_CONVERSION = YES;
				GCC_WARN_ABOUT_RETURN_TYPE = YES_ERROR;
				GCC_WARN_UNDECLARED_SELECTOR = YES;
				GCC_WARN_UNINITIALIZED_AUTOS = YES_AGGRESSIVE;
				GCC_WARN_UNUSED_FUNCTION = YES;
				GCC_WARN_UNUSED_VARIABLE = YES;
				IPHONEOS_DEPLOYMENT_TARGET = 11.2;
				MTL_ENABLE_DEBUG_INFO = NO;
				SDKROOT = iphoneos;
				SWIFT_OPTIMIZATION_LEVEL = "-Owholemodule";
				VALIDATE_PRODUCT = YES;
			};
			name = Release;
		};
		D3B4FE6A206B10EB0076D341 /* Debug */ = {
			isa = XCBuildConfiguration;
			buildSettings = {
				ASSETCATALOG_COMPILER_APPICON_NAME = AppIcon;
				CODE_SIGN_STYLE = Automatic;
				DEVELOPMENT_TEAM = 8ZZS76SEL5;
				INFOPLIST_FILE = QQMusic/Info.plist;
				LD_RUNPATH_SEARCH_PATHS = "$(inherited) @executable_path/Frameworks";
				PRODUCT_BUNDLE_IDENTIFIER = com.brian.QQMusic;
				PRODUCT_NAME = "$(TARGET_NAME)";
				SWIFT_VERSION = 4.0;
				TARGETED_DEVICE_FAMILY = "1,2";
			};
			name = Debug;
		};
		D3B4FE6B206B10EB0076D341 /* Release */ = {
			isa = XCBuildConfiguration;
			buildSettings = {
				ASSETCATALOG_COMPILER_APPICON_NAME = AppIcon;
				CODE_SIGN_STYLE = Automatic;
				DEVELOPMENT_TEAM = 8ZZS76SEL5;
				INFOPLIST_FILE = QQMusic/Info.plist;
				LD_RUNPATH_SEARCH_PATHS = "$(inherited) @executable_path/Frameworks";
				PRODUCT_BUNDLE_IDENTIFIER = com.brian.QQMusic;
				PRODUCT_NAME = "$(TARGET_NAME)";
				SWIFT_VERSION = 4.0;
				TARGETED_DEVICE_FAMILY = "1,2";
			};
			name = Release;
		};
/* End XCBuildConfiguration section */

/* Begin XCConfigurationList section */
		D3B4FE52206B10EB0076D341 /* Build configuration list for PBXProject "QQMusic" */ = {
			isa = XCConfigurationList;
			buildConfigurations = (
				D3B4FE67206B10EB0076D341 /* Debug */,
				D3B4FE68206B10EB0076D341 /* Release */,
			);
			defaultConfigurationIsVisible = 0;
			defaultConfigurationName = Release;
		};
		D3B4FE69206B10EB0076D341 /* Build configuration list for PBXNativeTarget "QQMusic" */ = {
			isa = XCConfigurationList;
			buildConfigurations = (
				D3B4FE6A206B10EB0076D341 /* Debug */,
				D3B4FE6B206B10EB0076D341 /* Release */,
			);
			defaultConfigurationIsVisible = 0;
			defaultConfigurationName = Release;
		};
/* End XCConfigurationList section */
	};
	rootObject = D3B4FE4F206B10EB0076D341 /* Project object */;
}
