// !$*UTF8*$!
{
	archiveVersion = 1;
	classes = {
	};
	objectVersion = 48;
	objects = {

/* Begin PBXBuildFile section */
		D3AE33ED20722CAC002FEC7E /* AppDelegate.swift in Sources */ = {isa = PBXBuildFile; fileRef = D3AE33EC20722CAC002FEC7E /* AppDelegate.swift */; };
		D3AE33F220722CAC002FEC7E /* Main.storyboard in Resources */ = {isa = PBXBuildFile; fileRef = D3AE33F020722CAC002FEC7E /* Main.storyboard */; };
		D3AE33F420722CAC002FEC7E /* Assets.xcassets in Resources */ = {isa = PBXBuildFile; fileRef = D3AE33F320722CAC002FEC7E /* Assets.xcassets */; };
		D3AE33F720722CAC002FEC7E /* LaunchScreen.storyboard in Resources */ = {isa = PBXBuildFile; fileRef = D3AE33F520722CAC002FEC7E /* LaunchScreen.storyboard */; };
		D3AE342B20722F7B002FEC7E /* 月半小夜曲.lrc in Resources */ = {isa = PBXBuildFile; fileRef = D3AE340020722F7B002FEC7E /* 月半小夜曲.lrc */; };
		D3AE342C20722F7B002FEC7E /* 255319.lrc in Resources */ = {isa = PBXBuildFile; fileRef = D3AE340120722F7B002FEC7E /* 255319.lrc */; };
		D3AE342D20722F7B002FEC7E /* 14945107.lrc in Resources */ = {isa = PBXBuildFile; fileRef = D3AE340220722F7B002FEC7E /* 14945107.lrc */; };
		D3AE342E20722F7B002FEC7E /* 10736444.lrc in Resources */ = {isa = PBXBuildFile; fileRef = D3AE340320722F7B002FEC7E /* 10736444.lrc */; };
		D3AE342F20722F7B002FEC7E /* 309769.lrc in Resources */ = {isa = PBXBuildFile; fileRef = D3AE340420722F7B002FEC7E /* 309769.lrc */; };
		D3AE343020722F7B002FEC7E /* 235319.lrc in Resources */ = {isa = PBXBuildFile; fileRef = D3AE340520722F7B002FEC7E /* 235319.lrc */; };
		D3AE343120722F7B002FEC7E /* 12309111.lrc in Resources */ = {isa = PBXBuildFile; fileRef = D3AE340620722F7B002FEC7E /* 12309111.lrc */; };
		D3AE343220722F7B002FEC7E /* 339744.lrc in Resources */ = {isa = PBXBuildFile; fileRef = D3AE340720722F7B002FEC7E /* 339744.lrc */; };
		D3AE343320722F7B002FEC7E /* 10405520.lrc in Resources */ = {isa = PBXBuildFile; fileRef = D3AE340820722F7B002FEC7E /* 10405520.lrc */; };
		D3AE343420722F7B002FEC7E /* 120125029.lrc in Resources */ = {isa = PBXBuildFile; fileRef = D3AE340920722F7B002FEC7E /* 120125029.lrc */; };
		D3AE343520722F7B002FEC7E /* wf@2x.jpg in Resources */ = {isa = PBXBuildFile; fileRef = D3AE340B20722F7B002FEC7E /* wf@2x.jpg */; };
		D3AE343620722F7B002FEC7E /* jay@2x.jpg in Resources */ = {isa = PBXBuildFile; fileRef = D3AE340C20722F7B002FEC7E /* jay@2x.jpg */; };
		D3AE343720722F7B002FEC7E /* lkq_icon@2x.jpg in Resources */ = {isa = PBXBuildFile; fileRef = D3AE340D20722F7B002FEC7E /* lkq_icon@2x.jpg */; };
		D3AE343820722F7B002FEC7E /* jay_icon@2x.png in Resources */ = {isa = PBXBuildFile; fileRef = D3AE340E20722F7B002FEC7E /* jay_icon@2x.png */; };
		D3AE343920722F7B002FEC7E /* dzq_icon@2x.jpg in Resources */ = {isa = PBXBuildFile; fileRef = D3AE340F20722F7B002FEC7E /* dzq_icon@2x.jpg */; };
		D3AE343A20722F7B002FEC7E /* zxy@2x.jpg in Resources */ = {isa = PBXBuildFile; fileRef = D3AE341020722F7B002FEC7E /* zxy@2x.jpg */; };
		D3AE343B20722F7B002FEC7E /* kzxd_icon@2x.jpg in Resources */ = {isa = PBXBuildFile; fileRef = D3AE341120722F7B002FEC7E /* kzxd_icon@2x.jpg */; };
		D3AE343C20722F7B002FEC7E /* dzq@2x.jpg in Resources */ = {isa = PBXBuildFile; fileRef = D3AE341220722F7B002FEC7E /* dzq@2x.jpg */; };
		D3AE343D20722F7B002FEC7E /* jj@2x.jpg in Resources */ = {isa = PBXBuildFile; fileRef = D3AE341320722F7B002FEC7E /* jj@2x.jpg */; };
		D3AE343E20722F7B002FEC7E /* lkq@2x.jpg in Resources */ = {isa = PBXBuildFile; fileRef = D3AE341420722F7B002FEC7E /* lkq@2x.jpg */; };
		D3AE343F20722F7B002FEC7E /* wf_icon@2x.jpg in Resources */ = {isa = PBXBuildFile; fileRef = D3AE341520722F7B002FEC7E /* wf_icon@2x.jpg */; };
		D3AE344020722F7B002FEC7E /* eason_icon@2x.jpg in Resources */ = {isa = PBXBuildFile; fileRef = D3AE341620722F7B002FEC7E /* eason_icon@2x.jpg */; };
		D3AE344120722F7B002FEC7E /* kzxd@2x.jpg in Resources */ = {isa = PBXBuildFile; fileRef = D3AE341720722F7B002FEC7E /* kzxd@2x.jpg */; };
		D3AE344220722F7B002FEC7E /* bb@2x.jpg in Resources */ = {isa = PBXBuildFile; fileRef = D3AE341820722F7B002FEC7E /* bb@2x.jpg */; };
		D3AE344320722F7B002FEC7E /* eason@2x.jpg in Resources */ = {isa = PBXBuildFile; fileRef = D3AE341920722F7B002FEC7E /* eason@2x.jpg */; };
		D3AE344420722F7B002FEC7E /* jj_icon@2x.png in Resources */ = {isa = PBXBuildFile; fileRef = D3AE341A20722F7B002FEC7E /* jj_icon@2x.png */; };
		D3AE344520722F7B002FEC7E /* nanquan@2x.jpg in Resources */ = {isa = PBXBuildFile; fileRef = D3AE341B20722F7B002FEC7E /* nanquan@2x.jpg */; };
		D3AE344620722F7B002FEC7E /* bb_icon@2x.jpg in Resources */ = {isa = PBXBuildFile; fileRef = D3AE341C20722F7B002FEC7E /* bb_icon@2x.jpg */; };
		D3AE344720722F7B002FEC7E /* zxy_icon@2x.jpg in Resources */ = {isa = PBXBuildFile; fileRef = D3AE341D20722F7B002FEC7E /* zxy_icon@2x.jpg */; };
		D3AE344820722F7B002FEC7E /* nanquan_icon@2x.jpg in Resources */ = {isa = PBXBuildFile; fileRef = D3AE341E20722F7B002FEC7E /* nanquan_icon@2x.jpg */; };
		D3AE344920722F7B002FEC7E /* 14945107.mp3 in Resources */ = {isa = PBXBuildFile; fileRef = D3AE342020722F7B002FEC7E /* 14945107.mp3 */; };
		D3AE344A20722F7B002FEC7E /* 255319.mp3 in Resources */ = {isa = PBXBuildFile; fileRef = D3AE342120722F7B002FEC7E /* 255319.mp3 */; };
		D3AE344B20722F7B002FEC7E /* 235319.mp3 in Resources */ = {isa = PBXBuildFile; fileRef = D3AE342220722F7B002FEC7E /* 235319.mp3 */; };
		D3AE344C20722F7B002FEC7E /* 309769.mp3 in Resources */ = {isa = PBXBuildFile; fileRef = D3AE342320722F7B002FEC7E /* 309769.mp3 */; };
		D3AE344D20722F7B002FEC7E /* 10736444.mp3 in Resources */ = {isa = PBXBuildFile; fileRef = D3AE342420722F7B002FEC7E /* 10736444.mp3 */; };
		D3AE344E20722F7B002FEC7E /* 1201111234.mp3 in Resources */ = {isa = PBXBuildFile; fileRef = D3AE342520722F7B002FEC7E /* 1201111234.mp3 */; };
		D3AE344F20722F7B002FEC7E /* 10405520.mp3 in Resources */ = {isa = PBXBuildFile; fileRef = D3AE342620722F7B002FEC7E /* 10405520.mp3 */; };
		D3AE345020722F7B002FEC7E /* 120125029.mp3 in Resources */ = {isa = PBXBuildFile; fileRef = D3AE342720722F7B002FEC7E /* 120125029.mp3 */; };
		D3AE345120722F7B002FEC7E /* 12309111.mp3 in Resources */ = {isa = PBXBuildFile; fileRef = D3AE342820722F7B002FEC7E /* 12309111.mp3 */; };
		D3AE345220722F7B002FEC7E /* 339744.mp3 in Resources */ = {isa = PBXBuildFile; fileRef = D3AE342920722F7B002FEC7E /* 339744.mp3 */; };
		D3AE345320722F7B002FEC7E /* Musics.plist in Resources */ = {isa = PBXBuildFile; fileRef = D3AE342A20722F7B002FEC7E /* Musics.plist */; };
		D3AE3461207230BD002FEC7E /* QQListVC.swift in Sources */ = {isa = PBXBuildFile; fileRef = D3AE3460207230BD002FEC7E /* QQListVC.swift */; };
		D3AE34642072312C002FEC7E /* QQListCell.swift in Sources */ = {isa = PBXBuildFile; fileRef = D3AE34622072312C002FEC7E /* QQListCell.swift */; };
		D3AE34652072312C002FEC7E /* QQListCell.xib in Resources */ = {isa = PBXBuildFile; fileRef = D3AE34632072312C002FEC7E /* QQListCell.xib */; };
		D3AE3467207232D1002FEC7E /* MusicModel.swift in Sources */ = {isa = PBXBuildFile; fileRef = D3AE3466207232D1002FEC7E /* MusicModel.swift */; };
		D3AE346920723381002FEC7E /* QQDetailVM.swift in Sources */ = {isa = PBXBuildFile; fileRef = D3AE346820723381002FEC7E /* QQDetailVM.swift */; };
		D3AE346B207233AC002FEC7E /* SFMusicTool.swift in Sources */ = {isa = PBXBuildFile; fileRef = D3AE346A207233AC002FEC7E /* SFMusicTool.swift */; };
		D3AE346D2072349A002FEC7E /* QQDetailVC.swift in Sources */ = {isa = PBXBuildFile; fileRef = D3AE346C2072349A002FEC7E /* QQDetailVC.swift */; };
		D3AF7365207F0C9C009AC70C /* QQMusicCurrentModel.swift in Sources */ = {isa = PBXBuildFile; fileRef = D3AF7364207F0C9C009AC70C /* QQMusicCurrentModel.swift */; };
		D3AF7367207F135C009AC70C /* FormatTimeTool.swift in Sources */ = {isa = PBXBuildFile; fileRef = D3AF7366207F135C009AC70C /* FormatTimeTool.swift */; };
		D3AF7369207F1993009AC70C /* CALayer-Extension.swift in Sources */ = {isa = PBXBuildFile; fileRef = D3AF7368207F1993009AC70C /* CALayer-Extension.swift */; };
		D3C8C8AC2080501700493A47 /* QQLyricTableVC.swift in Sources */ = {isa = PBXBuildFile; fileRef = D3C8C8AB2080501700493A47 /* QQLyricTableVC.swift */; };
		D3C8C8AE2080557800493A47 /* LyricModel.swift in Sources */ = {isa = PBXBuildFile; fileRef = D3C8C8AD2080557800493A47 /* LyricModel.swift */; };
		D3C8C8B02080783000493A47 /* QQLyricLabel.swift in Sources */ = {isa = PBXBuildFile; fileRef = D3C8C8AF2080783000493A47 /* QQLyricLabel.swift */; };
		D3C8C8B5208079E500493A47 /* QQLyricTableViewCell.swift in Sources */ = {isa = PBXBuildFile; fileRef = D3C8C8B3208079E500493A47 /* QQLyricTableViewCell.swift */; };
		D3C8C8B6208079E500493A47 /* QQLyricTableViewCell.xib in Resources */ = {isa = PBXBuildFile; fileRef = D3C8C8B4208079E500493A47 /* QQLyricTableViewCell.xib */; };
/* End PBXBuildFile section */

/* Begin PBXFileReference section */
		D3AE33E920722CAC002FEC7E /* QQMusic.app */ = {isa = PBXFileReference; explicitFileType = wrapper.application; includeInIndex = 0; path = QQMusic.app; sourceTree = BUILT_PRODUCTS_DIR; };
		D3AE33EC20722CAC002FEC7E /* AppDelegate.swift */ = {isa = PBXFileReference; lastKnownFileType = sourcecode.swift; path = AppDelegate.swift; sourceTree = "<group>"; };
		D3AE33F120722CAC002FEC7E /* Base */ = {isa = PBXFileReference; lastKnownFileType = file.storyboard; name = Base; path = Base.lproj/Main.storyboard; sourceTree = "<group>"; };
		D3AE33F320722CAC002FEC7E /* Assets.xcassets */ = {isa = PBXFileReference; lastKnownFileType = folder.assetcatalog; path = Assets.xcassets; sourceTree = "<group>"; };
		D3AE33F620722CAC002FEC7E /* Base */ = {isa = PBXFileReference; lastKnownFileType = file.storyboard; name = Base; path = Base.lproj/LaunchScreen.storyboard; sourceTree = "<group>"; };
		D3AE33F820722CAC002FEC7E /* Info.plist */ = {isa = PBXFileReference; lastKnownFileType = text.plist.xml; path = Info.plist; sourceTree = "<group>"; };
		D3AE340020722F7B002FEC7E /* 月半小夜曲.lrc */ = {isa = PBXFileReference; fileEncoding = 4; lastKnownFileType = text; path = "月半小夜曲.lrc"; sourceTree = "<group>"; };
		D3AE340120722F7B002FEC7E /* 255319.lrc */ = {isa = PBXFileReference; fileEncoding = 4; lastKnownFileType = text; path = 255319.lrc; sourceTree = "<group>"; };
		D3AE340220722F7B002FEC7E /* 14945107.lrc */ = {isa = PBXFileReference; fileEncoding = 4; lastKnownFileType = text; path = 14945107.lrc; sourceTree = "<group>"; };
		D3AE340320722F7B002FEC7E /* 10736444.lrc */ = {isa = PBXFileReference; fileEncoding = 4; lastKnownFileType = text; path = 10736444.lrc; sourceTree = "<group>"; };
		D3AE340420722F7B002FEC7E /* 309769.lrc */ = {isa = PBXFileReference; fileEncoding = 4; lastKnownFileType = text; path = 309769.lrc; sourceTree = "<group>"; };
		D3AE340520722F7B002FEC7E /* 235319.lrc */ = {isa = PBXFileReference; fileEncoding = 4; lastKnownFileType = text; path = 235319.lrc; sourceTree = "<group>"; };
		D3AE340620722F7B002FEC7E /* 12309111.lrc */ = {isa = PBXFileReference; fileEncoding = 4; lastKnownFileType = text; path = 12309111.lrc; sourceTree = "<group>"; };
		D3AE340720722F7B002FEC7E /* 339744.lrc */ = {isa = PBXFileReference; fileEncoding = 4; lastKnownFileType = text; path = 339744.lrc; sourceTree = "<group>"; };
		D3AE340820722F7B002FEC7E /* 10405520.lrc */ = {isa = PBXFileReference; fileEncoding = 4; lastKnownFileType = text; path = 10405520.lrc; sourceTree = "<group>"; };
		D3AE340920722F7B002FEC7E /* 120125029.lrc */ = {isa = PBXFileReference; fileEncoding = 4; lastKnownFileType = text; path = 120125029.lrc; sourceTree = "<group>"; };
		D3AE340B20722F7B002FEC7E /* wf@2x.jpg */ = {isa = PBXFileReference; lastKnownFileType = image.jpeg; path = "wf@2x.jpg"; sourceTree = "<group>"; };
		D3AE340C20722F7B002FEC7E /* jay@2x.jpg */ = {isa = PBXFileReference; lastKnownFileType = image.jpeg; path = "jay@2x.jpg"; sourceTree = "<group>"; };
		D3AE340D20722F7B002FEC7E /* lkq_icon@2x.jpg */ = {isa = PBXFileReference; lastKnownFileType = image.jpeg; path = "lkq_icon@2x.jpg"; sourceTree = "<group>"; };
		D3AE340E20722F7B002FEC7E /* jay_icon@2x.png */ = {isa = PBXFileReference; lastKnownFileType = image.png; path = "jay_icon@2x.png"; sourceTree = "<group>"; };
		D3AE340F20722F7B002FEC7E /* dzq_icon@2x.jpg */ = {isa = PBXFileReference; lastKnownFileType = image.jpeg; path = "dzq_icon@2x.jpg"; sourceTree = "<group>"; };
		D3AE341020722F7B002FEC7E /* zxy@2x.jpg */ = {isa = PBXFileReference; lastKnownFileType = image.jpeg; path = "zxy@2x.jpg"; sourceTree = "<group>"; };
		D3AE341120722F7B002FEC7E /* kzxd_icon@2x.jpg */ = {isa = PBXFileReference; lastKnownFileType = image.jpeg; path = "kzxd_icon@2x.jpg"; sourceTree = "<group>"; };
		D3AE341220722F7B002FEC7E /* dzq@2x.jpg */ = {isa = PBXFileReference; lastKnownFileType = image.jpeg; path = "dzq@2x.jpg"; sourceTree = "<group>"; };
		D3AE341320722F7B002FEC7E /* jj@2x.jpg */ = {isa = PBXFileReference; lastKnownFileType = image.jpeg; path = "jj@2x.jpg"; sourceTree = "<group>"; };
		D3AE341420722F7B002FEC7E /* lkq@2x.jpg */ = {isa = PBXFileReference; lastKnownFileType = image.jpeg; path = "lkq@2x.jpg"; sourceTree = "<group>"; };
		D3AE341520722F7B002FEC7E /* wf_icon@2x.jpg */ = {isa = PBXFileReference; lastKnownFileType = image.jpeg; path = "wf_icon@2x.jpg"; sourceTree = "<group>"; };
		D3AE341620722F7B002FEC7E /* eason_icon@2x.jpg */ = {isa = PBXFileReference; lastKnownFileType = image.jpeg; path = "eason_icon@2x.jpg"; sourceTree = "<group>"; };
		D3AE341720722F7B002FEC7E /* kzxd@2x.jpg */ = {isa = PBXFileReference; lastKnownFileType = image.jpeg; path = "kzxd@2x.jpg"; sourceTree = "<group>"; };
		D3AE341820722F7B002FEC7E /* bb@2x.jpg */ = {isa = PBXFileReference; lastKnownFileType = image.jpeg; path = "bb@2x.jpg"; sourceTree = "<group>"; };
		D3AE341920722F7B002FEC7E /* eason@2x.jpg */ = {isa = PBXFileReference; lastKnownFileType = image.jpeg; path = "eason@2x.jpg"; sourceTree = "<group>"; };
		D3AE341A20722F7B002FEC7E /* jj_icon@2x.png */ = {isa = PBXFileReference; lastKnownFileType = image.png; path = "jj_icon@2x.png"; sourceTree = "<group>"; };
		D3AE341B20722F7B002FEC7E /* nanquan@2x.jpg */ = {isa = PBXFileReference; lastKnownFileType = image.jpeg; path = "nanquan@2x.jpg"; sourceTree = "<group>"; };
		D3AE341C20722F7B002FEC7E /* bb_icon@2x.jpg */ = {isa = PBXFileReference; lastKnownFileType = image.jpeg; path = "bb_icon@2x.jpg"; sourceTree = "<group>"; };
		D3AE341D20722F7B002FEC7E /* zxy_icon@2x.jpg */ = {isa = PBXFileReference; lastKnownFileType = image.jpeg; path = "zxy_icon@2x.jpg"; sourceTree = "<group>"; };
		D3AE341E20722F7B002FEC7E /* nanquan_icon@2x.jpg */ = {isa = PBXFileReference; lastKnownFileType = image.jpeg; path = "nanquan_icon@2x.jpg"; sourceTree = "<group>"; };
		D3AE342020722F7B002FEC7E /* 14945107.mp3 */ = {isa = PBXFileReference; lastKnownFileType = audio.mp3; path = 14945107.mp3; sourceTree = "<group>"; };
		D3AE342120722F7B002FEC7E /* 255319.mp3 */ = {isa = PBXFileReference; lastKnownFileType = audio.mp3; path = 255319.mp3; sourceTree = "<group>"; };
		D3AE342220722F7B002FEC7E /* 235319.mp3 */ = {isa = PBXFileReference; lastKnownFileType = audio.mp3; path = 235319.mp3; sourceTree = "<group>"; };
		D3AE342320722F7B002FEC7E /* 309769.mp3 */ = {isa = PBXFileReference; lastKnownFileType = audio.mp3; path = 309769.mp3; sourceTree = "<group>"; };
		D3AE342420722F7B002FEC7E /* 10736444.mp3 */ = {isa = PBXFileReference; lastKnownFileType = audio.mp3; path = 10736444.mp3; sourceTree = "<group>"; };
		D3AE342520722F7B002FEC7E /* 1201111234.mp3 */ = {isa = PBXFileReference; lastKnownFileType = audio.mp3; path = 1201111234.mp3; sourceTree = "<group>"; };
		D3AE342620722F7B002FEC7E /* 10405520.mp3 */ = {isa = PBXFileReference; lastKnownFileType = audio.mp3; path = 10405520.mp3; sourceTree = "<group>"; };
		D3AE342720722F7B002FEC7E /* 120125029.mp3 */ = {isa = PBXFileReference; lastKnownFileType = audio.mp3; path = 120125029.mp3; sourceTree = "<group>"; };
		D3AE342820722F7B002FEC7E /* 12309111.mp3 */ = {isa = PBXFileReference; lastKnownFileType = audio.mp3; path = 12309111.mp3; sourceTree = "<group>"; };
		D3AE342920722F7B002FEC7E /* 339744.mp3 */ = {isa = PBXFileReference; lastKnownFileType = audio.mp3; path = 339744.mp3; sourceTree = "<group>"; };
		D3AE342A20722F7B002FEC7E /* Musics.plist */ = {isa = PBXFileReference; fileEncoding = 4; lastKnownFileType = text.plist.xml; path = Musics.plist; sourceTree = "<group>"; };
		D3AE3460207230BD002FEC7E /* QQListVC.swift */ = {isa = PBXFileReference; lastKnownFileType = sourcecode.swift; path = QQListVC.swift; sourceTree = "<group>"; };
		D3AE34622072312C002FEC7E /* QQListCell.swift */ = {isa = PBXFileReference; lastKnownFileType = sourcecode.swift; path = QQListCell.swift; sourceTree = "<group>"; };
		D3AE34632072312C002FEC7E /* QQListCell.xib */ = {isa = PBXFileReference; lastKnownFileType = file.xib; path = QQListCell.xib; sourceTree = "<group>"; };
		D3AE3466207232D1002FEC7E /* MusicModel.swift */ = {isa = PBXFileReference; lastKnownFileType = sourcecode.swift; path = MusicModel.swift; sourceTree = "<group>"; };
		D3AE346820723381002FEC7E /* QQDetailVM.swift */ = {isa = PBXFileReference; lastKnownFileType = sourcecode.swift; path = QQDetailVM.swift; sourceTree = "<group>"; };
		D3AE346A207233AC002FEC7E /* SFMusicTool.swift */ = {isa = PBXFileReference; lastKnownFileType = sourcecode.swift; path = SFMusicTool.swift; sourceTree = "<group>"; };
		D3AE346C2072349A002FEC7E /* QQDetailVC.swift */ = {isa = PBXFileReference; lastKnownFileType = sourcecode.swift; path = QQDetailVC.swift; sourceTree = "<group>"; };
		D3AF7364207F0C9C009AC70C /* QQMusicCurrentModel.swift */ = {isa = PBXFileReference; lastKnownFileType = sourcecode.swift; path = QQMusicCurrentModel.swift; sourceTree = "<group>"; };
		D3AF7366207F135C009AC70C /* FormatTimeTool.swift */ = {isa = PBXFileReference; lastKnownFileType = sourcecode.swift; path = FormatTimeTool.swift; sourceTree = "<group>"; };
		D3AF7368207F1993009AC70C /* CALayer-Extension.swift */ = {isa = PBXFileReference; lastKnownFileType = sourcecode.swift; path = "CALayer-Extension.swift"; sourceTree = "<group>"; };
		D3C8C8AB2080501700493A47 /* QQLyricTableVC.swift */ = {isa = PBXFileReference; lastKnownFileType = sourcecode.swift; path = QQLyricTableVC.swift; sourceTree = "<group>"; };
		D3C8C8AD2080557800493A47 /* LyricModel.swift */ = {isa = PBXFileReference; fileEncoding = 4; lastKnownFileType = sourcecode.swift; path = LyricModel.swift; sourceTree = "<group>"; };
		D3C8C8AF2080783000493A47 /* QQLyricLabel.swift */ = {isa = PBXFileReference; lastKnownFileType = sourcecode.swift; path = QQLyricLabel.swift; sourceTree = "<group>"; };
		D3C8C8B3208079E500493A47 /* QQLyricTableViewCell.swift */ = {isa = PBXFileReference; lastKnownFileType = sourcecode.swift; path = QQLyricTableViewCell.swift; sourceTree = "<group>"; };
		D3C8C8B4208079E500493A47 /* QQLyricTableViewCell.xib */ = {isa = PBXFileReference; lastKnownFileType = file.xib; path = QQLyricTableViewCell.xib; sourceTree = "<group>"; };
/* End PBXFileReference section */

/* Begin PBXFrameworksBuildPhase section */
		D3AE33E620722CAC002FEC7E /* Frameworks */ = {
			isa = PBXFrameworksBuildPhase;
			buildActionMask = 2147483647;
			files = (
			);
			runOnlyForDeploymentPostprocessing = 0;
		};
/* End PBXFrameworksBuildPhase section */

/* Begin PBXGroup section */
		D3AE33E020722CAC002FEC7E = {
			isa = PBXGroup;
			children = (
				D3AE33EB20722CAC002FEC7E /* QQMusic */,
				D3AE33EA20722CAC002FEC7E /* Products */,
			);
			sourceTree = "<group>";
		};
		D3AE33EA20722CAC002FEC7E /* Products */ = {
			isa = PBXGroup;
			children = (
				D3AE33E920722CAC002FEC7E /* QQMusic.app */,
			);
			name = Products;
			sourceTree = "<group>";
		};
		D3AE33EB20722CAC002FEC7E /* QQMusic */ = {
			isa = PBXGroup;
			children = (
				D3AE33FE20722F7B002FEC7E /* Resources */,
				D3AE3454207230A6002FEC7E /* Module */,
				D3AE33EC20722CAC002FEC7E /* AppDelegate.swift */,
				D3AE33F020722CAC002FEC7E /* Main.storyboard */,
				D3AE33F320722CAC002FEC7E /* Assets.xcassets */,
				D3AE33F520722CAC002FEC7E /* LaunchScreen.storyboard */,
				D3AE33F820722CAC002FEC7E /* Info.plist */,
			);
			path = QQMusic;
			sourceTree = "<group>";
		};
		D3AE33FE20722F7B002FEC7E /* Resources */ = {
			isa = PBXGroup;
			children = (
				D3AE33FF20722F7B002FEC7E /* Lrcs */,
				D3AE340A20722F7B002FEC7E /* Images */,
				D3AE341F20722F7B002FEC7E /* MP3s */,
				D3AE342A20722F7B002FEC7E /* Musics.plist */,
			);
			path = Resources;
			sourceTree = "<group>";
		};
		D3AE33FF20722F7B002FEC7E /* Lrcs */ = {
			isa = PBXGroup;
			children = (
				D3AE340020722F7B002FEC7E /* 月半小夜曲.lrc */,
				D3AE340120722F7B002FEC7E /* 255319.lrc */,
				D3AE340220722F7B002FEC7E /* 14945107.lrc */,
				D3AE340320722F7B002FEC7E /* 10736444.lrc */,
				D3AE340420722F7B002FEC7E /* 309769.lrc */,
				D3AE340520722F7B002FEC7E /* 235319.lrc */,
				D3AE340620722F7B002FEC7E /* 12309111.lrc */,
				D3AE340720722F7B002FEC7E /* 339744.lrc */,
				D3AE340820722F7B002FEC7E /* 10405520.lrc */,
				D3AE340920722F7B002FEC7E /* 120125029.lrc */,
			);
			path = Lrcs;
			sourceTree = "<group>";
		};
		D3AE340A20722F7B002FEC7E /* Images */ = {
			isa = PBXGroup;
			children = (
				D3AE340B20722F7B002FEC7E /* wf@2x.jpg */,
				D3AE340C20722F7B002FEC7E /* jay@2x.jpg */,
				D3AE340D20722F7B002FEC7E /* lkq_icon@2x.jpg */,
				D3AE340E20722F7B002FEC7E /* jay_icon@2x.png */,
				D3AE340F20722F7B002FEC7E /* dzq_icon@2x.jpg */,
				D3AE341020722F7B002FEC7E /* zxy@2x.jpg */,
				D3AE341120722F7B002FEC7E /* kzxd_icon@2x.jpg */,
				D3AE341220722F7B002FEC7E /* dzq@2x.jpg */,
				D3AE341320722F7B002FEC7E /* jj@2x.jpg */,
				D3AE341420722F7B002FEC7E /* lkq@2x.jpg */,
				D3AE341520722F7B002FEC7E /* wf_icon@2x.jpg */,
				D3AE341620722F7B002FEC7E /* eason_icon@2x.jpg */,
				D3AE341720722F7B002FEC7E /* kzxd@2x.jpg */,
				D3AE341820722F7B002FEC7E /* bb@2x.jpg */,
				D3AE341920722F7B002FEC7E /* eason@2x.jpg */,
				D3AE341A20722F7B002FEC7E /* jj_icon@2x.png */,
				D3AE341B20722F7B002FEC7E /* nanquan@2x.jpg */,
				D3AE341C20722F7B002FEC7E /* bb_icon@2x.jpg */,
				D3AE341D20722F7B002FEC7E /* zxy_icon@2x.jpg */,
				D3AE341E20722F7B002FEC7E /* nanquan_icon@2x.jpg */,
			);
			path = Images;
			sourceTree = "<group>";
		};
		D3AE341F20722F7B002FEC7E /* MP3s */ = {
			isa = PBXGroup;
			children = (
				D3AE342020722F7B002FEC7E /* 14945107.mp3 */,
				D3AE342120722F7B002FEC7E /* 255319.mp3 */,
				D3AE342220722F7B002FEC7E /* 235319.mp3 */,
				D3AE342320722F7B002FEC7E /* 309769.mp3 */,
				D3AE342420722F7B002FEC7E /* 10736444.mp3 */,
				D3AE342520722F7B002FEC7E /* 1201111234.mp3 */,
				D3AE342620722F7B002FEC7E /* 10405520.mp3 */,
				D3AE342720722F7B002FEC7E /* 120125029.mp3 */,
				D3AE342820722F7B002FEC7E /* 12309111.mp3 */,
				D3AE342920722F7B002FEC7E /* 339744.mp3 */,
			);
			path = MP3s;
			sourceTree = "<group>";
		};
		D3AE3454207230A6002FEC7E /* Module */ = {
			isa = PBXGroup;
			children = (
				D3AE3459207230A6002FEC7E /* QQList */,
				D3AE3455207230A6002FEC7E /* QQDetail */,
				D3AE345D207230A6002FEC7E /* Other */,
			);
			path = Module;
			sourceTree = "<group>";
		};
		D3AE3455207230A6002FEC7E /* QQDetail */ = {
			isa = PBXGroup;
			children = (
				D3AE3456207230A6002FEC7E /* Controller */,
				D3AE3457207230A6002FEC7E /* Model */,
				D3AE3458207230A6002FEC7E /* View */,
			);
			path = QQDetail;
			sourceTree = "<group>";
		};
		D3AE3456207230A6002FEC7E /* Controller */ = {
			isa = PBXGroup;
			children = (
				D3AE346C2072349A002FEC7E /* QQDetailVC.swift */,
				D3C8C8AB2080501700493A47 /* QQLyricTableVC.swift */,
			);
			path = Controller;
			sourceTree = "<group>";
		};
		D3AE3457207230A6002FEC7E /* Model */ = {
			isa = PBXGroup;
			children = (
				D3C8C8AD2080557800493A47 /* LyricModel.swift */,
				D3AE346820723381002FEC7E /* QQDetailVM.swift */,
				D3AF7364207F0C9C009AC70C /* QQMusicCurrentModel.swift */,
			);
			path = Model;
			sourceTree = "<group>";
		};
		D3AE3458207230A6002FEC7E /* View */ = {
			isa = PBXGroup;
			children = (
				D3C8C8B3208079E500493A47 /* QQLyricTableViewCell.swift */,
				D3C8C8B4208079E500493A47 /* QQLyricTableViewCell.xib */,
				D3C8C8AF2080783000493A47 /* QQLyricLabel.swift */,
			);
			path = View;
			sourceTree = "<group>";
		};
		D3AE3459207230A6002FEC7E /* QQList */ = {
			isa = PBXGroup;
			children = (
				D3AE345A207230A6002FEC7E /* Controller */,
				D3AE345B207230A6002FEC7E /* Model */,
				D3AE345C207230A6002FEC7E /* View */,
			);
			path = QQList;
			sourceTree = "<group>";
		};
		D3AE345A207230A6002FEC7E /* Controller */ = {
			isa = PBXGroup;
			children = (
				D3AE3460207230BD002FEC7E /* QQListVC.swift */,
			);
			path = Controller;
			sourceTree = "<group>";
		};
		D3AE345B207230A6002FEC7E /* Model */ = {
			isa = PBXGroup;
			children = (
				D3AE3466207232D1002FEC7E /* MusicModel.swift */,
			);
			path = Model;
			sourceTree = "<group>";
		};
		D3AE345C207230A6002FEC7E /* View */ = {
			isa = PBXGroup;
			children = (
				D3AE34622072312C002FEC7E /* QQListCell.swift */,
				D3AE34632072312C002FEC7E /* QQListCell.xib */,
			);
			path = View;
			sourceTree = "<group>";
		};
		D3AE345D207230A6002FEC7E /* Other */ = {
			isa = PBXGroup;
			children = (
				D3AE345E207230A6002FEC7E /* Extension */,
				D3AE345F207230A6002FEC7E /* Tool */,
			);
			path = Other;
			sourceTree = "<group>";
		};
		D3AE345E207230A6002FEC7E /* Extension */ = {
			isa = PBXGroup;
			children = (
				D3AF7368207F1993009AC70C /* CALayer-Extension.swift */,
			);
			path = Extension;
			sourceTree = "<group>";
		};
		D3AE345F207230A6002FEC7E /* Tool */ = {
			isa = PBXGroup;
			children = (
				D3AE346A207233AC002FEC7E /* SFMusicTool.swift */,
				D3AF7366207F135C009AC70C /* FormatTimeTool.swift */,
			);
			path = Tool;
			sourceTree = "<group>";
		};
/* End PBXGroup section */

/* Begin PBXNativeTarget section */
		D3AE33E820722CAC002FEC7E /* QQMusic */ = {
			isa = PBXNativeTarget;
			buildConfigurationList = D3AE33FB20722CAC002FEC7E /* Build configuration list for PBXNativeTarget "QQMusic" */;
			buildPhases = (
				D3AE33E520722CAC002FEC7E /* Sources */,
				D3AE33E620722CAC002FEC7E /* Frameworks */,
				D3AE33E720722CAC002FEC7E /* Resources */,
			);
			buildRules = (
			);
			dependencies = (
			);
			name = QQMusic;
			productName = QQMusic;
			productReference = D3AE33E920722CAC002FEC7E /* QQMusic.app */;
			productType = "com.apple.product-type.application";
		};
/* End PBXNativeTarget section */

/* Begin PBXProject section */
		D3AE33E120722CAC002FEC7E /* Project object */ = {
			isa = PBXProject;
			attributes = {
				LastSwiftUpdateCheck = 0920;
				LastUpgradeCheck = 0930;
				ORGANIZATIONNAME = "Brian Inc.";
				TargetAttributes = {
					D3AE33E820722CAC002FEC7E = {
						CreatedOnToolsVersion = 9.2;
						ProvisioningStyle = Automatic;
						SystemCapabilities = {
							com.apple.BackgroundModes = {
								enabled = 1;
							};
						};
					};
				};
			};
			buildConfigurationList = D3AE33E420722CAC002FEC7E /* Build configuration list for PBXProject "QQMusic" */;
			compatibilityVersion = "Xcode 8.0";
			developmentRegion = en;
			hasScannedForEncodings = 0;
			knownRegions = (
				en,
				Base,
			);
			mainGroup = D3AE33E020722CAC002FEC7E;
			productRefGroup = D3AE33EA20722CAC002FEC7E /* Products */;
			projectDirPath = "";
			projectRoot = "";
			targets = (
				D3AE33E820722CAC002FEC7E /* QQMusic */,
			);
		};
/* End PBXProject section */

/* Begin PBXResourcesBuildPhase section */
		D3AE33E720722CAC002FEC7E /* Resources */ = {
			isa = PBXResourcesBuildPhase;
			buildActionMask = 2147483647;
			files = (
				D3AE343220722F7B002FEC7E /* 339744.lrc in Resources */,
				D3AE343620722F7B002FEC7E /* jay@2x.jpg in Resources */,
				D3AE344020722F7B002FEC7E /* eason_icon@2x.jpg in Resources */,
				D3AE342E20722F7B002FEC7E /* 10736444.lrc in Resources */,
				D3AE343A20722F7B002FEC7E /* zxy@2x.jpg in Resources */,
				D3AE342C20722F7B002FEC7E /* 255319.lrc in Resources */,
				D3AE345320722F7B002FEC7E /* Musics.plist in Resources */,
				D3AE33F720722CAC002FEC7E /* LaunchScreen.storyboard in Resources */,
				D3AE343820722F7B002FEC7E /* jay_icon@2x.png in Resources */,
				D3AE343320722F7B002FEC7E /* 10405520.lrc in Resources */,
				D3AE344D20722F7B002FEC7E /* 10736444.mp3 in Resources */,
				D3AE344220722F7B002FEC7E /* bb@2x.jpg in Resources */,
				D3AE343520722F7B002FEC7E /* wf@2x.jpg in Resources */,
				D3AE343E20722F7B002FEC7E /* lkq@2x.jpg in Resources */,
				D3AE344C20722F7B002FEC7E /* 309769.mp3 in Resources */,
				D3AE343020722F7B002FEC7E /* 235319.lrc in Resources */,
				D3AE343D20722F7B002FEC7E /* jj@2x.jpg in Resources */,
				D3AE344120722F7B002FEC7E /* kzxd@2x.jpg in Resources */,
				D3AE343F20722F7B002FEC7E /* wf_icon@2x.jpg in Resources */,
				D3C8C8B6208079E500493A47 /* QQLyricTableViewCell.xib in Resources */,
				D3AE343720722F7B002FEC7E /* lkq_icon@2x.jpg in Resources */,
				D3AE344E20722F7B002FEC7E /* 1201111234.mp3 in Resources */,
				D3AE342F20722F7B002FEC7E /* 309769.lrc in Resources */,
				D3AE344620722F7B002FEC7E /* bb_icon@2x.jpg in Resources */,
				D3AE343120722F7B002FEC7E /* 12309111.lrc in Resources */,
				D3AE344320722F7B002FEC7E /* eason@2x.jpg in Resources */,
				D3AE344920722F7B002FEC7E /* 14945107.mp3 in Resources */,
				D3AE342D20722F7B002FEC7E /* 14945107.lrc in Resources */,
				D3AE343920722F7B002FEC7E /* dzq_icon@2x.jpg in Resources */,
				D3AE344F20722F7B002FEC7E /* 10405520.mp3 in Resources */,
				D3AE344820722F7B002FEC7E /* nanquan_icon@2x.jpg in Resources */,
				D3AE343420722F7B002FEC7E /* 120125029.lrc in Resources */,
				D3AE344520722F7B002FEC7E /* nanquan@2x.jpg in Resources */,
				D3AE34652072312C002FEC7E /* QQListCell.xib in Resources */,
				D3AE345020722F7B002FEC7E /* 120125029.mp3 in Resources */,
				D3AE344B20722F7B002FEC7E /* 235319.mp3 in Resources */,
				D3AE33F420722CAC002FEC7E /* Assets.xcassets in Resources */,
				D3AE33F220722CAC002FEC7E /* Main.storyboard in Resources */,
				D3AE344720722F7B002FEC7E /* zxy_icon@2x.jpg in Resources */,
				D3AE344A20722F7B002FEC7E /* 255319.mp3 in Resources */,
				D3AE343B20722F7B002FEC7E /* kzxd_icon@2x.jpg in Resources */,
				D3AE342B20722F7B002FEC7E /* 月半小夜曲.lrc in Resources */,
				D3AE344420722F7B002FEC7E /* jj_icon@2x.png in Resources */,
				D3AE345120722F7B002FEC7E /* 12309111.mp3 in Resources */,
				D3AE343C20722F7B002FEC7E /* dzq@2x.jpg in Resources */,
				D3AE345220722F7B002FEC7E /* 339744.mp3 in Resources */,
			);
			runOnlyForDeploymentPostprocessing = 0;
		};
/* End PBXResourcesBuildPhase section */

/* Begin PBXSourcesBuildPhase section */
		D3AE33E520722CAC002FEC7E /* Sources */ = {
			isa = PBXSourcesBuildPhase;
			buildActionMask = 2147483647;
			files = (
				D3AE346920723381002FEC7E /* QQDetailVM.swift in Sources */,
				D3C8C8B5208079E500493A47 /* QQLyricTableViewCell.swift in Sources */,
				D3AE34642072312C002FEC7E /* QQListCell.swift in Sources */,
				D3AE3467207232D1002FEC7E /* MusicModel.swift in Sources */,
				D3C8C8B02080783000493A47 /* QQLyricLabel.swift in Sources */,
				D3AF7365207F0C9C009AC70C /* QQMusicCurrentModel.swift in Sources */,
				D3AF7367207F135C009AC70C /* FormatTimeTool.swift in Sources */,
				D3AF7369207F1993009AC70C /* CALayer-Extension.swift in Sources */,
				D3AE346D2072349A002FEC7E /* QQDetailVC.swift in Sources */,
				D3AE3461207230BD002FEC7E /* QQListVC.swift in Sources */,
				D3C8C8AC2080501700493A47 /* QQLyricTableVC.swift in Sources */,
				D3AE346B207233AC002FEC7E /* SFMusicTool.swift in Sources */,
				D3AE33ED20722CAC002FEC7E /* AppDelegate.swift in Sources */,
				D3C8C8AE2080557800493A47 /* LyricModel.swift in Sources */,
			);
			runOnlyForDeploymentPostprocessing = 0;
		};
/* End PBXSourcesBuildPhase section */

/* Begin PBXVariantGroup section */
		D3AE33F020722CAC002FEC7E /* Main.storyboard */ = {
			isa = PBXVariantGroup;
			children = (
				D3AE33F120722CAC002FEC7E /* Base */,
			);
			name = Main.storyboard;
			sourceTree = "<group>";
		};
		D3AE33F520722CAC002FEC7E /* LaunchScreen.storyboard */ = {
			isa = PBXVariantGroup;
			children = (
				D3AE33F620722CAC002FEC7E /* Base */,
			);
			name = LaunchScreen.storyboard;
			sourceTree = "<group>";
		};
/* End PBXVariantGroup section */

/* Begin XCBuildConfiguration section */
		D3AE33F920722CAC002FEC7E /* Debug */ = {
			isa = XCBuildConfiguration;
			buildSettings = {
				ALWAYS_SEARCH_USER_PATHS = NO;
				CLANG_ANALYZER_NONNULL = YES;
				CLANG_ANALYZER_NUMBER_OBJECT_CONVERSION = YES_AGGRESSIVE;
				CLANG_CXX_LANGUAGE_STANDARD = "gnu++14";
				CLANG_CXX_LIBRARY = "libc++";
				CLANG_ENABLE_MODULES = YES;
				CLANG_ENABLE_OBJC_ARC = YES;
				CLANG_WARN_BLOCK_CAPTURE_AUTORELEASING = YES;
				CLANG_WARN_BOOL_CONVERSION = YES;
				CLANG_WARN_COMMA = YES;
				CLANG_WARN_CONSTANT_CONVERSION = YES;
				CLANG_WARN_DEPRECATED_OBJC_IMPLEMENTATIONS = YES;
				CLANG_WARN_DIRECT_OBJC_ISA_USAGE = YES_ERROR;
				CLANG_WARN_DOCUMENTATION_COMMENTS = YES;
				CLANG_WARN_EMPTY_BODY = YES;
				CLANG_WARN_ENUM_CONVERSION = YES;
				CLANG_WARN_INFINITE_RECURSION = YES;
				CLANG_WARN_INT_CONVERSION = YES;
				CLANG_WARN_NON_LITERAL_NULL_CONVERSION = YES;
				CLANG_WARN_OBJC_IMPLICIT_RETAIN_SELF = YES;
				CLANG_WARN_OBJC_LITERAL_CONVERSION = YES;
				CLANG_WARN_OBJC_ROOT_CLASS = YES_ERROR;
				CLANG_WARN_RANGE_LOOP_ANALYSIS = YES;
				CLANG_WARN_STRICT_PROTOTYPES = YES;
				CLANG_WARN_SUSPICIOUS_MOVE = YES;
				CLANG_WARN_UNGUARDED_AVAILABILITY = YES_AGGRESSIVE;
				CLANG_WARN_UNREACHABLE_CODE = YES;
				CLANG_WARN__DUPLICATE_METHOD_MATCH = YES;
				CODE_SIGN_IDENTITY = "iPhone Developer";
				COPY_PHASE_STRIP = NO;
				DEBUG_INFORMATION_FORMAT = dwarf;
				ENABLE_STRICT_OBJC_MSGSEND = YES;
				ENABLE_TESTABILITY = YES;
				GCC_C_LANGUAGE_STANDARD = gnu11;
				GCC_DYNAMIC_NO_PIC = NO;
				GCC_NO_COMMON_BLOCKS = YES;
				GCC_OPTIMIZATION_LEVEL = 0;
				GCC_PREPROCESSOR_DEFINITIONS = (
					"DEBUG=1",
					"$(inherited)",
				);
				GCC_WARN_64_TO_32_BIT_CONVERSION = YES;
				GCC_WARN_ABOUT_RETURN_TYPE = YES_ERROR;
				GCC_WARN_UNDECLARED_SELECTOR = YES;
				GCC_WARN_UNINITIALIZED_AUTOS = YES_AGGRESSIVE;
				GCC_WARN_UNUSED_FUNCTION = YES;
				GCC_WARN_UNUSED_VARIABLE = YES;
				IPHONEOS_DEPLOYMENT_TARGET = 11.2;
				MTL_ENABLE_DEBUG_INFO = YES;
				ONLY_ACTIVE_ARCH = YES;
				SDKROOT = iphoneos;
				SWIFT_ACTIVE_COMPILATION_CONDITIONS = DEBUG;
				SWIFT_OPTIMIZATION_LEVEL = "-Onone";
			};
			name = Debug;
		};
		D3AE33FA20722CAC002FEC7E /* Release */ = {
			isa = XCBuildConfiguration;
			buildSettings = {
				ALWAYS_SEARCH_USER_PATHS = NO;
				CLANG_ANALYZER_NONNULL = YES;
				CLANG_ANALYZER_NUMBER_OBJECT_CONVERSION = YES_AGGRESSIVE;
				CLANG_CXX_LANGUAGE_STANDARD = "gnu++14";
				CLANG_CXX_LIBRARY = "libc++";
				CLANG_ENABLE_MODULES = YES;
				CLANG_ENABLE_OBJC_ARC = YES;
				CLANG_WARN_BLOCK_CAPTURE_AUTORELEASING = YES;
				CLANG_WARN_BOOL_CONVERSION = YES;
				CLANG_WARN_COMMA = YES;
				CLANG_WARN_CONSTANT_CONVERSION = YES;
				CLANG_WARN_DEPRECATED_OBJC_IMPLEMENTATIONS = YES;
				CLANG_WARN_DIRECT_OBJC_ISA_USAGE = YES_ERROR;
				CLANG_WARN_DOCUMENTATION_COMMENTS = YES;
				CLANG_WARN_EMPTY_BODY = YES;
				CLANG_WARN_ENUM_CONVERSION = YES;
				CLANG_WARN_INFINITE_RECURSION = YES;
				CLANG_WARN_INT_CONVERSION = YES;
				CLANG_WARN_NON_LITERAL_NULL_CONVERSION = YES;
				CLANG_WARN_OBJC_IMPLICIT_RETAIN_SELF = YES;
				CLANG_WARN_OBJC_LITERAL_CONVERSION = YES;
				CLANG_WARN_OBJC_ROOT_CLASS = YES_ERROR;
				CLANG_WARN_RANGE_LOOP_ANALYSIS = YES;
				CLANG_WARN_STRICT_PROTOTYPES = YES;
				CLANG_WARN_SUSPICIOUS_MOVE = YES;
				CLANG_WARN_UNGUARDED_AVAILABILITY = YES_AGGRESSIVE;
				CLANG_WARN_UNREACHABLE_CODE = YES;
				CLANG_WARN__DUPLICATE_METHOD_MATCH = YES;
				CODE_SIGN_IDENTITY = "iPhone Developer";
				COPY_PHASE_STRIP = NO;
				DEBUG_INFORMATION_FORMAT = "dwarf-with-dsym";
				ENABLE_NS_ASSERTIONS = NO;
				ENABLE_STRICT_OBJC_MSGSEND = YES;
				GCC_C_LANGUAGE_STANDARD = gnu11;
				GCC_NO_COMMON_BLOCKS = YES;
				GCC_WARN_64_TO_32_BIT_CONVERSION = YES;
				GCC_WARN_ABOUT_RETURN_TYPE = YES_ERROR;
				GCC_WARN_UNDECLARED_SELECTOR = YES;
				GCC_WARN_UNINITIALIZED_AUTOS = YES_AGGRESSIVE;
				GCC_WARN_UNUSED_FUNCTION = YES;
				GCC_WARN_UNUSED_VARIABLE = YES;
				IPHONEOS_DEPLOYMENT_TARGET = 11.2;
				MTL_ENABLE_DEBUG_INFO = NO;
				SDKROOT = iphoneos;
				SWIFT_OPTIMIZATION_LEVEL = "-Owholemodule";
				VALIDATE_PRODUCT = YES;
			};
			name = Release;
		};
		D3AE33FC20722CAC002FEC7E /* Debug */ = {
			isa = XCBuildConfiguration;
			buildSettings = {
				ASSETCATALOG_COMPILER_APPICON_NAME = AppIcon;
				ASSETCATALOG_COMPILER_LAUNCHIMAGE_NAME = LaunchImage;
				CODE_SIGN_STYLE = Automatic;
				DEVELOPMENT_TEAM = 8ZZS76SEL5;
				INFOPLIST_FILE = QQMusic/Info.plist;
				LD_RUNPATH_SEARCH_PATHS = "$(inherited) @executable_path/Frameworks";
				PRODUCT_BUNDLE_IDENTIFIER = com.brian.QQMusic;
				PRODUCT_NAME = "$(TARGET_NAME)";
				SWIFT_VERSION = 4.0;
				TARGETED_DEVICE_FAMILY = "1,2";
			};
			name = Debug;
		};
		D3AE33FD20722CAC002FEC7E /* Release */ = {
			isa = XCBuildConfiguration;
			buildSettings = {
				ASSETCATALOG_COMPILER_APPICON_NAME = AppIcon;
				ASSETCATALOG_COMPILER_LAUNCHIMAGE_NAME = LaunchImage;
				CODE_SIGN_STYLE = Automatic;
				DEVELOPMENT_TEAM = 8ZZS76SEL5;
				INFOPLIST_FILE = QQMusic/Info.plist;
				LD_RUNPATH_SEARCH_PATHS = "$(inherited) @executable_path/Frameworks";
				PRODUCT_BUNDLE_IDENTIFIER = com.brian.QQMusic;
				PRODUCT_NAME = "$(TARGET_NAME)";
				SWIFT_VERSION = 4.0;
				TARGETED_DEVICE_FAMILY = "1,2";
			};
			name = Release;
		};
/* End XCBuildConfiguration section */

/* Begin XCConfigurationList section */
		D3AE33E420722CAC002FEC7E /* Build configuration list for PBXProject "QQMusic" */ = {
			isa = XCConfigurationList;
			buildConfigurations = (
				D3AE33F920722CAC002FEC7E /* Debug */,
				D3AE33FA20722CAC002FEC7E /* Release */,
			);
			defaultConfigurationIsVisible = 0;
			defaultConfigurationName = Release;
		};
		D3AE33FB20722CAC002FEC7E /* Build configuration list for PBXNativeTarget "QQMusic" */ = {
			isa = XCConfigurationList;
			buildConfigurations = (
				D3AE33FC20722CAC002FEC7E /* Debug */,
				D3AE33FD20722CAC002FEC7E /* Release */,
			);
			defaultConfigurationIsVisible = 0;
			defaultConfigurationName = Release;
		};
/* End XCConfigurationList section */
	};
	rootObject = D3AE33E120722CAC002FEC7E /* Project object */;
}
